PODS:
  - BlockAlertsAnd-ActionSheets (1.0.6):
    - BlockAlertsAnd-ActionSheets/TableAlertView
  - BlockAlertsAnd-ActionSheets/TableAlertView (1.0.6)
  - CocoaAsyncSocket (7.3.5)
  - MBProgressHUD (0.8)
  - MMDrawerController (0.5.6):
    - MMDrawerController/Core
    - MMDrawerController/MMDrawerBarButtonItem
    - MMDrawerController/MMDrawerVisualStates
    - MMDrawerController/Subclass
  - MMDrawerController/Core (0.5.6)
  - MMDrawerController/MMDrawerBarButtonItem (0.5.6):
    - MMDrawerController/Core
  - MMDrawerController/MMDrawerVisualStates (0.5.6):
    - MMDrawerController/Core
  - MMDrawerController/Subclass (0.5.6):
    - MMDrawerController/Core
  - SSKeychain (1.2.2)
  - TBXML (1.5)
  - TestFlightSDK (3.0.2)

DEPENDENCIES:
  - BlockAlertsAnd-ActionSheets (~> 1.0)
  - CocoaAsyncSocket (~> 7.3)
  - MBProgressHUD (~> 0.8)
  - MMDrawerController (~> 0.5)
  - SSKeychain (~> 1.2)
  - TBXML (~> 1.5)
  - TestFlightSDK (~> 3.0)

SPEC CHECKSUMS:
  BlockAlertsAnd-ActionSheets: 2f9d02f0c57b1789b7db3406ffad72a67f01ad83
  CocoaAsyncSocket: 45bdbbc1c0a5ed0640ff4c42af325ba43a2f099a
  MBProgressHUD: c356980b0cd097f19acec959b49dca5eb8ec31be
  MMDrawerController: 4bae84535ca7a5f4cb55a66a001e6035c3571677
  SSKeychain: cc48bd3ad24fcd9125adb9e0d23dd50b8bbd08b9
  TBXML: a279440030ba55c40e1455cafba3b0a44e1963d4
  TestFlightSDK: 0c24c533748d0d84bfe7a3cb6036fa79124d84ee

COCOAPODS: 0.33.1
