// !$*UTF8*$!
{
	archiveVersion = 1;
	classes = {
	};
	objectVersion = 46;
	objects = {

/* Begin PBXAggregateTarget section */
		0D340FBC1965941F00C6AE88 /* OCLint */ = {
			isa = PBXAggregateTarget;
			buildConfigurationList = 0D340FBF1965941F00C6AE88 /* Build configuration list for PBXAggregateTarget "OCLint" */;
			buildPhases = (
				0D340FC01965943F00C6AE88 /* ShellScript */,
			);
			dependencies = (
			);
			name = OCLint;
			productName = OCLint;
		};
/* End PBXAggregateTarget section */

/* Begin PBXBuildFile section */
		0D0B50E5180CDF8200198D07 /* LeftDrawer.storyboard in Resources */ = {isa = PBXBuildFile; fileRef = 0D0B50E3180CDF8200198D07 /* LeftDrawer.storyboard */; };
		0D113DB11942651C0056E5D3 /* MWBookmarkViewController.m in Sources */ = {isa = PBXBuildFile; fileRef = 0D113DB01942651C0056E5D3 /* MWBookmarkViewController.m */; };
		0D113DB4194265360056E5D3 /* MWServerListViewController.m in Sources */ = {isa = PBXBuildFile; fileRef = 0D113DB3194265360056E5D3 /* MWServerListViewController.m */; };
		0D113DB719426B430056E5D3 /* MWAppDelegate.m in Sources */ = {isa = PBXBuildFile; fileRef = 0D113DB619426B430056E5D3 /* MWAppDelegate.m */; };
		0D113DBA19426D160056E5D3 /* README.md in Resources */ = {isa = PBXBuildFile; fileRef = 0D113DB919426D160056E5D3 /* README.md */; };
		0D1838A2180DC8E000FD6AC1 /* Images.xcassets in Resources */ = {isa = PBXBuildFile; fileRef = 0D1838A1180DC8E000FD6AC1 /* Images.xcassets */; };
		0D2DA4DF1964FA6500DD91A7 /* Mobile Wired.xcconfig in Resources */ = {isa = PBXBuildFile; fileRef = 0D2DA4DE1964FA6500DD91A7 /* Mobile Wired.xcconfig */; };
		0D2FC191195B8C23005D5FE0 /* MWChatViewController.m in Sources */ = {isa = PBXBuildFile; fileRef = 0D2FC190195B8C23005D5FE0 /* MWChatViewController.m */; };
		0D3C907E19638262008F3867 /* MWChatMessageCell.m in Sources */ = {isa = PBXBuildFile; fileRef = 0D3C907D19638262008F3867 /* MWChatMessageCell.m */; };
		0D4AF4101967790800258A42 /* RightDrawer.storyboard in Resources */ = {isa = PBXBuildFile; fileRef = 0D4AF40E1967790800258A42 /* RightDrawer.storyboard */; };
		0D4AF4131967854C00258A42 /* MWUserListViewController.m in Sources */ = {isa = PBXBuildFile; fileRef = 0D4AF4121967854C00258A42 /* MWUserListViewController.m */; };
		0D4AF416196785D900258A42 /* MWDrawerController.m in Sources */ = {isa = PBXBuildFile; fileRef = 0D4AF415196785D900258A42 /* MWDrawerController.m */; };
		0D4AF4191967860600258A42 /* WiredConnection.m in Sources */ = {isa = PBXBuildFile; fileRef = 0D4AF4181967860600258A42 /* WiredConnection.m */; };
		0D63D57F19562AF600756EAF /* CHANGELOG.md in Resources */ = {isa = PBXBuildFile; fileRef = 0D63D57E19562AF600756EAF /* CHANGELOG.md */; };
		0D640C7B194758DB0069F108 /* MWSettingsViewController.m in Sources */ = {isa = PBXBuildFile; fileRef = 0D640C7A194758DB0069F108 /* MWSettingsViewController.m */; };
		0D640C7F19475D910069F108 /* MWTextFieldCell.m in Sources */ = {isa = PBXBuildFile; fileRef = 0D640C7E19475D910069F108 /* MWTextFieldCell.m */; };
		0D640C82194767CA0069F108 /* UITableView+Subviews.m in Sources */ = {isa = PBXBuildFile; fileRef = 0D640C81194767CA0069F108 /* UITableView+Subviews.m */; };
		0D640C8A194769120069F108 /* NSString+Hashes.m in Sources */ = {isa = PBXBuildFile; fileRef = 0D640C86194769120069F108 /* NSString+Hashes.m */; };
		0D640C8B194769120069F108 /* UIImage+MWKit.m in Sources */ = {isa = PBXBuildFile; fileRef = 0D640C88194769120069F108 /* UIImage+MWKit.m */; };
		0D6B66261606475E002F5710 /* WiredSpec_2.0b53.xml in Resources */ = {isa = PBXBuildFile; fileRef = 0D6B66251606475E002F5710 /* WiredSpec_2.0b53.xml */; };
		0D985A0A196893B400C5E410 /* MWUserInfoViewController.m in Sources */ = {isa = PBXBuildFile; fileRef = 0D985A09196893B400C5E410 /* MWUserInfoViewController.m */; };
		0DA8B04C17277CFE008297ED /* QuartzCore.framework in Frameworks */ = {isa = PBXBuildFile; fileRef = 0DA8B04B17277CFE008297ED /* QuartzCore.framework */; };
		0DCF83E8194CBEB100511AD8 /* MWDataStore.m in Sources */ = {isa = PBXBuildFile; fileRef = 0DCF83E7194CBEB100511AD8 /* MWDataStore.m */; };
		0DF798AE195D009000B67140 /* CenterDrawer.storyboard in Resources */ = {isa = PBXBuildFile; fileRef = 0DF798AC195D009000B67140 /* CenterDrawer.storyboard */; };
		3451A4FC155F603F005C5662 /* WiredSpec_2.0b51.xml in Resources */ = {isa = PBXBuildFile; fileRef = 3451A4FA155F603F005C5662 /* WiredSpec_2.0b51.xml */; };
		3451A4FD155F603F005C5662 /* WiredSpec_2.0b55.xml in Resources */ = {isa = PBXBuildFile; fileRef = 3451A4FB155F603F005C5662 /* WiredSpec_2.0b55.xml */; };
		3482C1A9155C6C5D00415794 /* Security.framework in Frameworks */ = {isa = PBXBuildFile; fileRef = 3482C1A8155C6C5D00415794 /* Security.framework */; };
		3482C1AA155C6C6E00415794 /* CFNetwork.framework in Frameworks */ = {isa = PBXBuildFile; fileRef = 34EBE43C1359690000A24C01 /* CFNetwork.framework */; };
		34EBE3C313594F7B00A24C01 /* UIKit.framework in Frameworks */ = {isa = PBXBuildFile; fileRef = 34EBE3C213594F7B00A24C01 /* UIKit.framework */; };
		34EBE3C513594F7B00A24C01 /* Foundation.framework in Frameworks */ = {isa = PBXBuildFile; fileRef = 34EBE3C413594F7B00A24C01 /* Foundation.framework */; };
		34EBE3C713594F7B00A24C01 /* CoreGraphics.framework in Frameworks */ = {isa = PBXBuildFile; fileRef = 34EBE3C613594F7B00A24C01 /* CoreGraphics.framework */; };
		34EBE3D213594F7B00A24C01 /* main.m in Sources */ = {isa = PBXBuildFile; fileRef = 34EBE3D113594F7B00A24C01 /* main.m */; };
		34EBE402135951A700A24C01 /* InfoPlist.strings in Resources */ = {isa = PBXBuildFile; fileRef = 34EBE3FC135951A700A24C01 /* InfoPlist.strings */; };
		34EBE403135951A700A24C01 /* MainWindow.xib in Resources */ = {isa = PBXBuildFile; fileRef = 34EBE3FE135951A700A24C01 /* MainWindow.xib */; };
		34FC5C8D135BB3430049C737 /* libz.dylib in Frameworks */ = {isa = PBXBuildFile; fileRef = 34FC5C8C135BB3430049C737 /* libz.dylib */; };
		78AA702D4B884034AE657FBD /* libPods.a in Frameworks */ = {isa = PBXBuildFile; fileRef = 2F702BD2F4204C49977D2E93 /* libPods.a */; };
/* End PBXBuildFile section */

/* Begin PBXFileReference section */
		0D0B50E4180CDF8200198D07 /* en */ = {isa = PBXFileReference; lastKnownFileType = file.storyboard; name = en; path = LeftDrawer.storyboard; sourceTree = "<group>"; };
		0D113DAF1942651C0056E5D3 /* MWBookmarkViewController.h */ = {isa = PBXFileReference; fileEncoding = 4; lastKnownFileType = sourcecode.c.h; name = MWBookmarkViewController.h; path = "View Controllers/MWBookmarkViewController.h"; sourceTree = "<group>"; };
		0D113DB01942651C0056E5D3 /* MWBookmarkViewController.m */ = {isa = PBXFileReference; fileEncoding = 4; lastKnownFileType = sourcecode.c.objc; name = MWBookmarkViewController.m; path = "View Controllers/MWBookmarkViewController.m"; sourceTree = "<group>"; };
		0D113DB2194265360056E5D3 /* MWServerListViewController.h */ = {isa = PBXFileReference; fileEncoding = 4; lastKnownFileType = sourcecode.c.h; name = MWServerListViewController.h; path = "View Controllers/MWServerListViewController.h"; sourceTree = "<group>"; };
		0D113DB3194265360056E5D3 /* MWServerListViewController.m */ = {isa = PBXFileReference; fileEncoding = 4; lastKnownFileType = sourcecode.c.objc; name = MWServerListViewController.m; path = "View Controllers/MWServerListViewController.m"; sourceTree = "<group>"; };
		0D113DB519426B430056E5D3 /* MWAppDelegate.h */ = {isa = PBXFileReference; fileEncoding = 4; lastKnownFileType = sourcecode.c.h; path = MWAppDelegate.h; sourceTree = "<group>"; };
		0D113DB619426B430056E5D3 /* MWAppDelegate.m */ = {isa = PBXFileReference; fileEncoding = 4; lastKnownFileType = sourcecode.c.objc; path = MWAppDelegate.m; sourceTree = "<group>"; };
		0D113DB919426D160056E5D3 /* README.md */ = {isa = PBXFileReference; fileEncoding = 4; lastKnownFileType = text; path = README.md; sourceTree = "<group>"; };
		0D12846615BA54C700CB6522 /* TestFlightTokens.h */ = {isa = PBXFileReference; lastKnownFileType = sourcecode.c.h; path = TestFlightTokens.h; sourceTree = "<group>"; };
		0D1838A1180DC8E000FD6AC1 /* Images.xcassets */ = {isa = PBXFileReference; lastKnownFileType = folder.assetcatalog; name = Images.xcassets; path = Resources/Images.xcassets; sourceTree = "<group>"; };
		0D2DA4DE1964FA6500DD91A7 /* Mobile Wired.xcconfig */ = {isa = PBXFileReference; fileEncoding = 4; lastKnownFileType = text.xcconfig; name = "Mobile Wired.xcconfig"; path = "Mobile Wired.xcodeproj/Mobile Wired.xcconfig"; sourceTree = "<group>"; };
		0D2FC18F195B8C23005D5FE0 /* MWChatViewController.h */ = {isa = PBXFileReference; fileEncoding = 4; lastKnownFileType = sourcecode.c.h; name = MWChatViewController.h; path = "View Controllers/MWChatViewController.h"; sourceTree = "<group>"; };
		0D2FC190195B8C23005D5FE0 /* MWChatViewController.m */ = {isa = PBXFileReference; fileEncoding = 4; lastKnownFileType = sourcecode.c.objc; name = MWChatViewController.m; path = "View Controllers/MWChatViewController.m"; sourceTree = "<group>"; };
		0D3C907D19638262008F3867 /* MWChatMessageCell.m */ = {isa = PBXFileReference; fileEncoding = 4; lastKnownFileType = sourcecode.c.objc; path = MWChatMessageCell.m; sourceTree = "<group>"; };
		0D3C907F19638269008F3867 /* MWChatMessageCell.h */ = {isa = PBXFileReference; fileEncoding = 4; lastKnownFileType = sourcecode.c.h; path = MWChatMessageCell.h; sourceTree = "<group>"; };
		0D4AF40F1967790800258A42 /* en */ = {isa = PBXFileReference; lastKnownFileType = file.storyboard; name = en; path = Resources/en.lproj/RightDrawer.storyboard; sourceTree = "<group>"; };
		0D4AF4111967854C00258A42 /* MWUserListViewController.h */ = {isa = PBXFileReference; fileEncoding = 4; lastKnownFileType = sourcecode.c.h; name = MWUserListViewController.h; path = "View Controllers/MWUserListViewController.h"; sourceTree = "<group>"; };
		0D4AF4121967854C00258A42 /* MWUserListViewController.m */ = {isa = PBXFileReference; fileEncoding = 4; lastKnownFileType = sourcecode.c.objc; name = MWUserListViewController.m; path = "View Controllers/MWUserListViewController.m"; sourceTree = "<group>"; };
		0D4AF414196785D900258A42 /* MWDrawerController.h */ = {isa = PBXFileReference; fileEncoding = 4; lastKnownFileType = sourcecode.c.h; path = MWDrawerController.h; sourceTree = "<group>"; };
		0D4AF415196785D900258A42 /* MWDrawerController.m */ = {isa = PBXFileReference; fileEncoding = 4; lastKnownFileType = sourcecode.c.objc; path = MWDrawerController.m; sourceTree = "<group>"; };
		0D4AF4171967860600258A42 /* WiredConnection.h */ = {isa = PBXFileReference; fileEncoding = 4; lastKnownFileType = sourcecode.c.h; name = WiredConnection.h; path = "Wired Connection/WiredConnection.h"; sourceTree = "<group>"; };
		0D4AF4181967860600258A42 /* WiredConnection.m */ = {isa = PBXFileReference; fileEncoding = 4; lastKnownFileType = sourcecode.c.objc; name = WiredConnection.m; path = "Wired Connection/WiredConnection.m"; sourceTree = "<group>"; };
		0D63D57E19562AF600756EAF /* CHANGELOG.md */ = {isa = PBXFileReference; fileEncoding = 4; lastKnownFileType = text; path = CHANGELOG.md; sourceTree = "<group>"; };
		0D640C79194758DB0069F108 /* MWSettingsViewController.h */ = {isa = PBXFileReference; fileEncoding = 4; lastKnownFileType = sourcecode.c.h; name = MWSettingsViewController.h; path = "View Controllers/MWSettingsViewController.h"; sourceTree = "<group>"; };
		0D640C7A194758DB0069F108 /* MWSettingsViewController.m */ = {isa = PBXFileReference; fileEncoding = 4; lastKnownFileType = sourcecode.c.objc; name = MWSettingsViewController.m; path = "View Controllers/MWSettingsViewController.m"; sourceTree = "<group>"; };
		0D640C7D19475D910069F108 /* MWTextFieldCell.h */ = {isa = PBXFileReference; fileEncoding = 4; lastKnownFileType = sourcecode.c.h; path = MWTextFieldCell.h; sourceTree = "<group>"; };
		0D640C7E19475D910069F108 /* MWTextFieldCell.m */ = {isa = PBXFileReference; fileEncoding = 4; lastKnownFileType = sourcecode.c.objc; path = MWTextFieldCell.m; sourceTree = "<group>"; };
		0D640C80194767CA0069F108 /* UITableView+Subviews.h */ = {isa = PBXFileReference; fileEncoding = 4; lastKnownFileType = sourcecode.c.h; name = "UITableView+Subviews.h"; path = "Categories/UITableView+Subviews.h"; sourceTree = "<group>"; };
		0D640C81194767CA0069F108 /* UITableView+Subviews.m */ = {isa = PBXFileReference; fileEncoding = 4; lastKnownFileType = sourcecode.c.objc; name = "UITableView+Subviews.m"; path = "Categories/UITableView+Subviews.m"; sourceTree = "<group>"; };
		0D640C85194769120069F108 /* NSString+Hashes.h */ = {isa = PBXFileReference; fileEncoding = 4; lastKnownFileType = sourcecode.c.h; name = "NSString+Hashes.h"; path = "Categories/NSString+Hashes.h"; sourceTree = "<group>"; };
		0D640C86194769120069F108 /* NSString+Hashes.m */ = {isa = PBXFileReference; fileEncoding = 4; lastKnownFileType = sourcecode.c.objc; name = "NSString+Hashes.m"; path = "Categories/NSString+Hashes.m"; sourceTree = "<group>"; };
		0D640C87194769120069F108 /* UIImage+MWKit.h */ = {isa = PBXFileReference; fileEncoding = 4; lastKnownFileType = sourcecode.c.h; name = "UIImage+MWKit.h"; path = "Categories/UIImage+MWKit.h"; sourceTree = "<group>"; };
		0D640C88194769120069F108 /* UIImage+MWKit.m */ = {isa = PBXFileReference; fileEncoding = 4; lastKnownFileType = sourcecode.c.objc; name = "UIImage+MWKit.m"; path = "Categories/UIImage+MWKit.m"; sourceTree = "<group>"; };
		0D6B66251606475E002F5710 /* WiredSpec_2.0b53.xml */ = {isa = PBXFileReference; fileEncoding = 4; lastKnownFileType = text.xml; name = WiredSpec_2.0b53.xml; path = Resources/WiredSpec_2.0b53.xml; sourceTree = "<group>"; };
		0D985A08196893B400C5E410 /* MWUserInfoViewController.h */ = {isa = PBXFileReference; fileEncoding = 4; lastKnownFileType = sourcecode.c.h; name = MWUserInfoViewController.h; path = "View Controllers/MWUserInfoViewController.h"; sourceTree = "<group>"; };
		0D985A09196893B400C5E410 /* MWUserInfoViewController.m */ = {isa = PBXFileReference; fileEncoding = 4; lastKnownFileType = sourcecode.c.objc; name = MWUserInfoViewController.m; path = "View Controllers/MWUserInfoViewController.m"; sourceTree = "<group>"; };
		0DA8B04B17277CFE008297ED /* QuartzCore.framework */ = {isa = PBXFileReference; lastKnownFileType = wrapper.framework; name = QuartzCore.framework; path = System/Library/Frameworks/QuartzCore.framework; sourceTree = SDKROOT; };
		0DCF83E6194CBEB100511AD8 /* MWDataStore.h */ = {isa = PBXFileReference; fileEncoding = 4; lastKnownFileType = sourcecode.c.h; path = MWDataStore.h; sourceTree = "<group>"; };
		0DCF83E7194CBEB100511AD8 /* MWDataStore.m */ = {isa = PBXFileReference; fileEncoding = 4; lastKnownFileType = sourcecode.c.objc; path = MWDataStore.m; sourceTree = "<group>"; };
		0DF798AD195D009000B67140 /* en */ = {isa = PBXFileReference; lastKnownFileType = file.storyboard; name = en; path = Resources/en.lproj/CenterDrawer.storyboard; sourceTree = "<group>"; };
		0DFF150A194147C100294943 /* MWMacros.h */ = {isa = PBXFileReference; lastKnownFileType = sourcecode.c.h; path = MWMacros.h; sourceTree = "<group>"; };
		2F702BD2F4204C49977D2E93 /* libPods.a */ = {isa = PBXFileReference; explicitFileType = archive.ar; includeInIndex = 0; path = libPods.a; sourceTree = BUILT_PRODUCTS_DIR; };
		3431FF5F136C93ED00EDB8D8 /* ROADMAP.md */ = {isa = PBXFileReference; lastKnownFileType = text; path = ROADMAP.md; sourceTree = "<group>"; };
		3451A4FA155F603F005C5662 /* WiredSpec_2.0b51.xml */ = {isa = PBXFileReference; fileEncoding = 4; lastKnownFileType = text.xml; name = WiredSpec_2.0b51.xml; path = Resources/WiredSpec_2.0b51.xml; sourceTree = "<group>"; };
		3451A4FB155F603F005C5662 /* WiredSpec_2.0b55.xml */ = {isa = PBXFileReference; fileEncoding = 4; lastKnownFileType = text.xml; name = WiredSpec_2.0b55.xml; path = Resources/WiredSpec_2.0b55.xml; sourceTree = "<group>"; };
		3482C1A8155C6C5D00415794 /* Security.framework */ = {isa = PBXFileReference; lastKnownFileType = wrapper.framework; name = Security.framework; path = System/Library/Frameworks/Security.framework; sourceTree = SDKROOT; };
		34EBE3BE13594F7B00A24C01 /* Mobile Wired.app */ = {isa = PBXFileReference; explicitFileType = wrapper.application; includeInIndex = 0; path = "Mobile Wired.app"; sourceTree = BUILT_PRODUCTS_DIR; };
		34EBE3C213594F7B00A24C01 /* UIKit.framework */ = {isa = PBXFileReference; lastKnownFileType = wrapper.framework; name = UIKit.framework; path = System/Library/Frameworks/UIKit.framework; sourceTree = SDKROOT; };
		34EBE3C413594F7B00A24C01 /* Foundation.framework */ = {isa = PBXFileReference; lastKnownFileType = wrapper.framework; name = Foundation.framework; path = System/Library/Frameworks/Foundation.framework; sourceTree = SDKROOT; };
		34EBE3C613594F7B00A24C01 /* CoreGraphics.framework */ = {isa = PBXFileReference; lastKnownFileType = wrapper.framework; name = CoreGraphics.framework; path = System/Library/Frameworks/CoreGraphics.framework; sourceTree = SDKROOT; };
		34EBE3D113594F7B00A24C01 /* main.m */ = {isa = PBXFileReference; lastKnownFileType = sourcecode.c.objc; path = main.m; sourceTree = "<group>"; };
		34EBE3F61359515F00A24C01 /* MobileWired-Info.plist */ = {isa = PBXFileReference; fileEncoding = 4; lastKnownFileType = text.plist.xml; path = "MobileWired-Info.plist"; sourceTree = "<group>"; };
		34EBE3F71359515F00A24C01 /* MobileWired-Prefix.pch */ = {isa = PBXFileReference; fileEncoding = 4; lastKnownFileType = sourcecode.c.h; path = "MobileWired-Prefix.pch"; sourceTree = "<group>"; };
		34EBE3FD135951A700A24C01 /* en */ = {isa = PBXFileReference; lastKnownFileType = text.plist.strings; name = en; path = InfoPlist.strings; sourceTree = "<group>"; };
		34EBE43C1359690000A24C01 /* CFNetwork.framework */ = {isa = PBXFileReference; lastKnownFileType = wrapper.framework; name = CFNetwork.framework; path = System/Library/Frameworks/CFNetwork.framework; sourceTree = SDKROOT; };
		34FC5C8C135BB3430049C737 /* libz.dylib */ = {isa = PBXFileReference; lastKnownFileType = "compiled.mach-o.dylib"; name = libz.dylib; path = usr/lib/libz.dylib; sourceTree = SDKROOT; };
		3C0413468ACF4A42A3A1EFD9 /* Pods.xcconfig */ = {isa = PBXFileReference; includeInIndex = 1; lastKnownFileType = text.xcconfig; name = Pods.xcconfig; path = Pods/Pods.xcconfig; sourceTree = "<group>"; };
/* End PBXFileReference section */

/* Begin PBXFrameworksBuildPhase section */
		34EBE3BB13594F7A00A24C01 /* Frameworks */ = {
			isa = PBXFrameworksBuildPhase;
			buildActionMask = 2147483647;
			files = (
				0DA8B04C17277CFE008297ED /* QuartzCore.framework in Frameworks */,
				34EBE3C513594F7B00A24C01 /* Foundation.framework in Frameworks */,
				34EBE3C713594F7B00A24C01 /* CoreGraphics.framework in Frameworks */,
				34EBE3C313594F7B00A24C01 /* UIKit.framework in Frameworks */,
				3482C1AA155C6C6E00415794 /* CFNetwork.framework in Frameworks */,
				3482C1A9155C6C5D00415794 /* Security.framework in Frameworks */,
				34FC5C8D135BB3430049C737 /* libz.dylib in Frameworks */,
				78AA702D4B884034AE657FBD /* libPods.a in Frameworks */,
			);
			runOnlyForDeploymentPostprocessing = 0;
		};
/* End PBXFrameworksBuildPhase section */

/* Begin PBXGroup section */
		0D113DB819426CBB0056E5D3 /* WiredConnection */ = {
			isa = PBXGroup;
			children = (
				0D4AF4171967860600258A42 /* WiredConnection.h */,
				0D4AF4181967860600258A42 /* WiredConnection.m */,
				34FC5C84135B4D790049C737 /* Specifications */,
			);
			name = WiredConnection;
			path = "Mobile Wired";
			sourceTree = "<group>";
		};
		0D4AF41A1967891000258A42 /* General */ = {
			isa = PBXGroup;
			children = (
				0DFF150A194147C100294943 /* MWMacros.h */,
				0D113DB519426B430056E5D3 /* MWAppDelegate.h */,
				0D113DB619426B430056E5D3 /* MWAppDelegate.m */,
				0DCF83E6194CBEB100511AD8 /* MWDataStore.h */,
				0DCF83E7194CBEB100511AD8 /* MWDataStore.m */,
				0D12846615BA54C700CB6522 /* TestFlightTokens.h */,
			);
			name = General;
			sourceTree = "<group>";
		};
		0D4AF41B1967892400258A42 /* Main Drawer / Storyboards */ = {
			isa = PBXGroup;
			children = (
				0D4AF414196785D900258A42 /* MWDrawerController.h */,
				0D4AF415196785D900258A42 /* MWDrawerController.m */,
				0D0B50E3180CDF8200198D07 /* LeftDrawer.storyboard */,
				0DF798AC195D009000B67140 /* CenterDrawer.storyboard */,
				0D4AF40E1967790800258A42 /* RightDrawer.storyboard */,
			);
			name = "Main Drawer / Storyboards";
			sourceTree = "<group>";
		};
		0D640C7C19475D910069F108 /* Table View Cells */ = {
			isa = PBXGroup;
			children = (
				0D3C907F19638269008F3867 /* MWChatMessageCell.h */,
				0D3C907D19638262008F3867 /* MWChatMessageCell.m */,
				0D640C7D19475D910069F108 /* MWTextFieldCell.h */,
				0D640C7E19475D910069F108 /* MWTextFieldCell.m */,
			);
			path = "Table View Cells";
			sourceTree = "<group>";
		};
		3440CD061366188E0046955F /* Categories */ = {
			isa = PBXGroup;
			children = (
				0D640C85194769120069F108 /* NSString+Hashes.h */,
				0D640C86194769120069F108 /* NSString+Hashes.m */,
				0D640C87194769120069F108 /* UIImage+MWKit.h */,
				0D640C88194769120069F108 /* UIImage+MWKit.m */,
				0D640C80194767CA0069F108 /* UITableView+Subviews.h */,
				0D640C81194767CA0069F108 /* UITableView+Subviews.m */,
			);
			name = Categories;
			sourceTree = "<group>";
		};
		34AEB772150CFDE1005F2B96 /* View Controllers */ = {
			isa = PBXGroup;
			children = (
				0D113DB2194265360056E5D3 /* MWServerListViewController.h */,
				0D113DB3194265360056E5D3 /* MWServerListViewController.m */,
				0D113DAF1942651C0056E5D3 /* MWBookmarkViewController.h */,
				0D113DB01942651C0056E5D3 /* MWBookmarkViewController.m */,
				0D640C79194758DB0069F108 /* MWSettingsViewController.h */,
				0D640C7A194758DB0069F108 /* MWSettingsViewController.m */,
				0D2FC18F195B8C23005D5FE0 /* MWChatViewController.h */,
				0D2FC190195B8C23005D5FE0 /* MWChatViewController.m */,
				0D4AF4111967854C00258A42 /* MWUserListViewController.h */,
				0D4AF4121967854C00258A42 /* MWUserListViewController.m */,
				0D985A08196893B400C5E410 /* MWUserInfoViewController.h */,
				0D985A09196893B400C5E410 /* MWUserInfoViewController.m */,
			);
			name = "View Controllers";
			sourceTree = "<group>";
		};
		34EBE3B313594F7A00A24C01 = {
			isa = PBXGroup;
			children = (
				0D113DB919426D160056E5D3 /* README.md */,
				3431FF5F136C93ED00EDB8D8 /* ROADMAP.md */,
				0D63D57E19562AF600756EAF /* CHANGELOG.md */,
				34EBE3CA13594F7B00A24C01 /* Mobile Wired */,
				0D113DB819426CBB0056E5D3 /* WiredConnection */,
				3440CD061366188E0046955F /* Categories */,
				34EBE3CB13594F7B00A24C01 /* Supporting Files */,
				34EBE3C113594F7B00A24C01 /* Frameworks */,
				34EBE3BF13594F7B00A24C01 /* Products */,
				3C0413468ACF4A42A3A1EFD9 /* Pods.xcconfig */,
				0D2DA4DE1964FA6500DD91A7 /* Mobile Wired.xcconfig */,
			);
			sourceTree = "<group>";
		};
		34EBE3BF13594F7B00A24C01 /* Products */ = {
			isa = PBXGroup;
			children = (
				34EBE3BE13594F7B00A24C01 /* Mobile Wired.app */,
			);
			name = Products;
			sourceTree = "<group>";
		};
		34EBE3C113594F7B00A24C01 /* Frameworks */ = {
			isa = PBXGroup;
			children = (
				34EBE43C1359690000A24C01 /* CFNetwork.framework */,
				34EBE3C613594F7B00A24C01 /* CoreGraphics.framework */,
				34EBE3C413594F7B00A24C01 /* Foundation.framework */,
				34FC5C8C135BB3430049C737 /* libz.dylib */,
				0DA8B04B17277CFE008297ED /* QuartzCore.framework */,
				3482C1A8155C6C5D00415794 /* Security.framework */,
				34EBE3C213594F7B00A24C01 /* UIKit.framework */,
				2F702BD2F4204C49977D2E93 /* libPods.a */,
			);
			name = Frameworks;
			sourceTree = "<group>";
		};
		34EBE3CA13594F7B00A24C01 /* Mobile Wired */ = {
			isa = PBXGroup;
			children = (
				0D4AF41A1967891000258A42 /* General */,
				0D4AF41B1967892400258A42 /* Main Drawer / Storyboards */,
				34AEB772150CFDE1005F2B96 /* View Controllers */,
				0D640C7C19475D910069F108 /* Table View Cells */,
			);
			path = "Mobile Wired";
			sourceTree = "<group>";
		};
		34EBE3CB13594F7B00A24C01 /* Supporting Files */ = {
			isa = PBXGroup;
			children = (
				0D1838A1180DC8E000FD6AC1 /* Images.xcassets */,
				34EBE3FC135951A700A24C01 /* InfoPlist.strings */,
				34EBE3F61359515F00A24C01 /* MobileWired-Info.plist */,
				34EBE3F71359515F00A24C01 /* MobileWired-Prefix.pch */,
				34EBE3D113594F7B00A24C01 /* main.m */,
			);
			name = "Supporting Files";
			path = "Mobile Wired";
			sourceTree = "<group>";
		};
		34FC5C84135B4D790049C737 /* Specifications */ = {
			isa = PBXGroup;
			children = (
				3451A4FA155F603F005C5662 /* WiredSpec_2.0b51.xml */,
				0D6B66251606475E002F5710 /* WiredSpec_2.0b53.xml */,
				3451A4FB155F603F005C5662 /* WiredSpec_2.0b55.xml */,
			);
			name = Specifications;
			sourceTree = "<group>";
		};
/* End PBXGroup section */

/* Begin PBXNativeTarget section */
		34EBE3BD13594F7A00A24C01 /* Mobile Wired */ = {
			isa = PBXNativeTarget;
			buildConfigurationList = 34EBE3E413594F7B00A24C01 /* Build configuration list for PBXNativeTarget "Mobile Wired" */;
			buildPhases = (
				3A1EC7240F9B48C6A88B7774 /* Check Pods Manifest.lock */,
				34EBE3BA13594F7A00A24C01 /* Sources */,
				34EBE3BB13594F7A00A24C01 /* Frameworks */,
				34EBE3BC13594F7A00A24C01 /* Resources */,
				34202D7E1364F357002F1B3B /* ShellScript */,
				73E49A7FEF14480F83EB773A /* Copy Pods Resources */,
			);
			buildRules = (
			);
			dependencies = (
			);
			name = "Mobile Wired";
			productName = "Mobile Wired";
			productReference = 34EBE3BE13594F7B00A24C01 /* Mobile Wired.app */;
			productType = "com.apple.product-type.application";
		};
/* End PBXNativeTarget section */

/* Begin PBXProject section */
		34EBE3B513594F7A00A24C01 /* Project object */ = {
			isa = PBXProject;
			attributes = {
				CLASSPREFIX = MW;
				LastUpgradeCheck = 0500;
				ORGANIZATIONNAME = "Matthew Price";
				TargetAttributes = {
					34EBE3BD13594F7A00A24C01 = {
						DevelopmentTeam = DL2J7C6ZBQ;
					};
				};
			};
			buildConfigurationList = 34EBE3B813594F7A00A24C01 /* Build configuration list for PBXProject "Mobile Wired" */;
			compatibilityVersion = "Xcode 3.2";
			developmentRegion = English;
			hasScannedForEncodings = 0;
			knownRegions = (
				en,
			);
			mainGroup = 34EBE3B313594F7A00A24C01;
			productRefGroup = 34EBE3BF13594F7B00A24C01 /* Products */;
			projectDirPath = "";
			projectRoot = "";
			targets = (
				34EBE3BD13594F7A00A24C01 /* Mobile Wired */,
				0D340FBC1965941F00C6AE88 /* OCLint */,
			);
		};
/* End PBXProject section */

/* Begin PBXResourcesBuildPhase section */
		34EBE3BC13594F7A00A24C01 /* Resources */ = {
			isa = PBXResourcesBuildPhase;
			buildActionMask = 2147483647;
			files = (
				0DF798AE195D009000B67140 /* CenterDrawer.storyboard in Resources */,
				34EBE402135951A700A24C01 /* InfoPlist.strings in Resources */,
				34EBE403135951A700A24C01 /* MainWindow.xib in Resources */,
				0D2DA4DF1964FA6500DD91A7 /* Mobile Wired.xcconfig in Resources */,
				3451A4FC155F603F005C5662 /* WiredSpec_2.0b51.xml in Resources */,
				3451A4FD155F603F005C5662 /* WiredSpec_2.0b55.xml in Resources */,
				0D113DBA19426D160056E5D3 /* README.md in Resources */,
				0D63D57F19562AF600756EAF /* CHANGELOG.md in Resources */,
				0D4AF4101967790800258A42 /* RightDrawer.storyboard in Resources */,
				0D1838A2180DC8E000FD6AC1 /* Images.xcassets in Resources */,
				0D6B66261606475E002F5710 /* WiredSpec_2.0b53.xml in Resources */,
				0D0B50E5180CDF8200198D07 /* LeftDrawer.storyboard in Resources */,
			);
			runOnlyForDeploymentPostprocessing = 0;
		};
/* End PBXResourcesBuildPhase section */

/* Begin PBXShellScriptBuildPhase section */
		0D340FC01965943F00C6AE88 /* ShellScript */ = {
			isa = PBXShellScriptBuildPhase;
			buildActionMask = 2147483647;
			files = (
			);
			inputPaths = (
			);
			outputPaths = (
			);
			runOnlyForDeploymentPostprocessing = 0;
			shellPath = /bin/zsh;
			shellScript = "hash oclint &> /dev/null\nif [ $? -eq 1 ]; then\n    echo >&2 \"oclint not found, analyzing stopped\"\n    exit 1\nfi\n\ncd \"${TARGET_TEMP_DIR}\"\n\nif [ ! -f compile_commands.json ]; then\n    echo \"[*] Could not find compile_commands.json\"\n    echo \"[*] Starting xcodebuild to rebuild the project..\"\n\n    # Clean previous output\n    if [ -f xcodebuild.log ]; then\n        rm xcodebuild.log\n    fi\n\n    cd \"${SRCROOT}\"\n\n    xcodebuild clean\n\n    # Build xcodebuild.log\n    xcodebuild -workspace \"Mobile Wired.xcworkspace\" -scheme \"Mobile Wired\" | tee \"${TARGET_TEMP_DIR}\"/xcodebuild.log\n\n    # Transform it into compile_commands.json\n    echo \"[*] Transforming xcodebuild.log into compile_commands.json...\"\n    cd \"${TARGET_TEMP_DIR}\"\n    oclint-xcodebuild\n\n    echo \"[*] Copy compile_commands.json to the project root...\"\n    cp \"${TARGET_TEMP_DIR}\"/compile_commands.json \"${SRCROOT}\"/compile_commands.json\nfi\n\necho \"[*] Starting analyzing\"\noclint-json-compilation-database | sed 's/\\(.*\\.\\m\\{1,2\\}:[0-9]*:[0-9]*:\\)/\\1 warning:/'";
		};
		34202D7E1364F357002F1B3B /* ShellScript */ = {
			isa = PBXShellScriptBuildPhase;
			buildActionMask = 2147483647;
			files = (
			);
			inputPaths = (
			);
			outputPaths = (
			);
			runOnlyForDeploymentPostprocessing = 0;
			shellPath = /bin/sh;
			shellScript = "# Set the Info.plist end path.\nBUILD_PATH=${CODESIGNING_FOLDER_PATH}/Info.plist\n\n# Parse the version number from GIT.\nVERSION=$(eval echo `git log --pretty=format:'' | wc -l | egrep '[0-9]{1,}' -o`)\n˝\n# Save the resulting file.\n/usr/libexec/PlistBuddy -c \"Set :CFBundleVersion $VERSION\" \"$BUILD_PATH\"";
			showEnvVarsInLog = 0;
		};
		3A1EC7240F9B48C6A88B7774 /* Check Pods Manifest.lock */ = {
			isa = PBXShellScriptBuildPhase;
			buildActionMask = 2147483647;
			files = (
			);
			inputPaths = (
			);
			name = "Check Pods Manifest.lock";
			outputPaths = (
			);
			runOnlyForDeploymentPostprocessing = 0;
			shellPath = /bin/sh;
			shellScript = "diff \"${PODS_ROOT}/../Podfile.lock\" \"${PODS_ROOT}/Manifest.lock\" > /dev/null\nif [[ $? != 0 ]] ; then\n    cat << EOM\nerror: The sandbox is not in sync with the Podfile.lock. Run 'pod install' or update your CocoaPods installation.\nEOM\n    exit 1\nfi\n";
			showEnvVarsInLog = 0;
		};
		73E49A7FEF14480F83EB773A /* Copy Pods Resources */ = {
			isa = PBXShellScriptBuildPhase;
			buildActionMask = 2147483647;
			files = (
			);
			inputPaths = (
			);
			name = "Copy Pods Resources";
			outputPaths = (
			);
			runOnlyForDeploymentPostprocessing = 0;
			shellPath = /bin/sh;
			shellScript = "\"${SRCROOT}/Pods/Pods-resources.sh\"\n";
			showEnvVarsInLog = 0;
		};
/* End PBXShellScriptBuildPhase section */

/* Begin PBXSourcesBuildPhase section */
		34EBE3BA13594F7A00A24C01 /* Sources */ = {
			isa = PBXSourcesBuildPhase;
			buildActionMask = 2147483647;
			files = (
				0D985A0A196893B400C5E410 /* MWUserInfoViewController.m in Sources */,
				0D4AF416196785D900258A42 /* MWDrawerController.m in Sources */,
				0D4AF4131967854C00258A42 /* MWUserListViewController.m in Sources */,
				0D3C907E19638262008F3867 /* MWChatMessageCell.m in Sources */,
				34EBE3D213594F7B00A24C01 /* main.m in Sources */,
				0DCF83E8194CBEB100511AD8 /* MWDataStore.m in Sources */,
				0D640C82194767CA0069F108 /* UITableView+Subviews.m in Sources */,
				0D2FC191195B8C23005D5FE0 /* MWChatViewController.m in Sources */,
				0D4AF4191967860600258A42 /* WiredConnection.m in Sources */,
				0D640C7F19475D910069F108 /* MWTextFieldCell.m in Sources */,
				0D113DB4194265360056E5D3 /* MWServerListViewController.m in Sources */,
				0D640C7B194758DB0069F108 /* MWSettingsViewController.m in Sources */,
				0D113DB719426B430056E5D3 /* MWAppDelegate.m in Sources */,
				0D640C8A194769120069F108 /* NSString+Hashes.m in Sources */,
				0D113DB11942651C0056E5D3 /* MWBookmarkViewController.m in Sources */,
				0D640C8B194769120069F108 /* UIImage+MWKit.m in Sources */,
			);
			runOnlyForDeploymentPostprocessing = 0;
		};
/* End PBXSourcesBuildPhase section */

/* Begin PBXVariantGroup section */
		0D0B50E3180CDF8200198D07 /* LeftDrawer.storyboard */ = {
			isa = PBXVariantGroup;
			children = (
				0D0B50E4180CDF8200198D07 /* en */,
			);
			name = LeftDrawer.storyboard;
			path = Resources/en.lproj;
			sourceTree = "<group>";
		};
		0D4AF40E1967790800258A42 /* RightDrawer.storyboard */ = {
			isa = PBXVariantGroup;
			children = (
				0D4AF40F1967790800258A42 /* en */,
			);
			name = RightDrawer.storyboard;
			sourceTree = "<group>";
		};
		0DF798AC195D009000B67140 /* CenterDrawer.storyboard */ = {
			isa = PBXVariantGroup;
			children = (
				0DF798AD195D009000B67140 /* en */,
			);
			name = CenterDrawer.storyboard;
			sourceTree = "<group>";
		};
		34EBE3FC135951A700A24C01 /* InfoPlist.strings */ = {
			isa = PBXVariantGroup;
			children = (
				34EBE3FD135951A700A24C01 /* en */,
			);
			name = InfoPlist.strings;
			path = Resources/en.lproj;
			sourceTree = "<group>";
		};
		34EBE3FE135951A700A24C01 /* MainWindow.xib */ = {
			isa = PBXVariantGroup;
			children = (
			);
			name = MainWindow.xib;
			path = /Resources/en.lproj;
			sourceTree = "<group>";
		};
/* End PBXVariantGroup section */

/* Begin XCBuildConfiguration section */
		0D340FBD1965941F00C6AE88 /* Debug */ = {
			isa = XCBuildConfiguration;
			buildSettings = {
				PRODUCT_NAME = "$(TARGET_NAME)";
			};
			name = Debug;
		};
		0D340FBE1965941F00C6AE88 /* Release */ = {
			isa = XCBuildConfiguration;
			buildSettings = {
				PRODUCT_NAME = "$(TARGET_NAME)";
			};
			name = Release;
		};
		34EBE3E213594F7B00A24C01 /* Debug */ = {
			isa = XCBuildConfiguration;
			buildSettings = {
				ALWAYS_SEARCH_USER_PATHS = NO;
				CLANG_CXX_LANGUAGE_STANDARD = "gnu++0x";
				CLANG_CXX_LIBRARY = "libc++";
				CLANG_ENABLE_MODULES = YES;
				CLANG_ENABLE_OBJC_ARC = YES;
				CLANG_WARN_BOOL_CONVERSION = YES;
				CLANG_WARN_CONSTANT_CONVERSION = YES;
				CLANG_WARN_DIRECT_OBJC_ISA_USAGE = YES_ERROR;
				CLANG_WARN_EMPTY_BODY = YES;
				CLANG_WARN_ENUM_CONVERSION = YES;
				CLANG_WARN_INT_CONVERSION = YES;
				CLANG_WARN_OBJC_ROOT_CLASS = YES_ERROR;
				CLANG_WARN__DUPLICATE_METHOD_MATCH = YES;
				"CODE_SIGN_IDENTITY[sdk=iphoneos*]" = "iPhone Developer";
				COPY_PHASE_STRIP = NO;
				GCC_C_LANGUAGE_STANDARD = gnu99;
				GCC_OPTIMIZATION_LEVEL = 0;
				GCC_PREPROCESSOR_DEFINITIONS = (
					"DEBUG=1",
					"$(inherited)",
				);
				GCC_SYMBOLS_PRIVATE_EXTERN = NO;
				GCC_WARN_64_TO_32_BIT_CONVERSION = YES;
				GCC_WARN_ABOUT_RETURN_TYPE = YES_ERROR;
				GCC_WARN_UNDECLARED_SELECTOR = YES;
				GCC_WARN_UNINITIALIZED_AUTOS = YES_AGGRESSIVE;
				GCC_WARN_UNUSED_FUNCTION = YES;
				GCC_WARN_UNUSED_VARIABLE = YES;
				IPHONEOS_DEPLOYMENT_TARGET = 7.0;
				ONLY_ACTIVE_ARCH = YES;
				SDKROOT = iphoneos;
			};
			name = Debug;
		};
		34EBE3E313594F7B00A24C01 /* Release */ = {
			isa = XCBuildConfiguration;
			buildSettings = {
				ALWAYS_SEARCH_USER_PATHS = NO;
				CLANG_CXX_LANGUAGE_STANDARD = "gnu++0x";
				CLANG_CXX_LIBRARY = "libc++";
				CLANG_ENABLE_MODULES = YES;
				CLANG_ENABLE_OBJC_ARC = YES;
				CLANG_WARN_BOOL_CONVERSION = YES;
				CLANG_WARN_CONSTANT_CONVERSION = YES;
				CLANG_WARN_DIRECT_OBJC_ISA_USAGE = YES_ERROR;
				CLANG_WARN_EMPTY_BODY = YES;
				CLANG_WARN_ENUM_CONVERSION = YES;
				CLANG_WARN_INT_CONVERSION = YES;
				CLANG_WARN_OBJC_ROOT_CLASS = YES_ERROR;
				CLANG_WARN__DUPLICATE_METHOD_MATCH = YES;
				"CODE_SIGN_IDENTITY[sdk=iphoneos*]" = "iPhone Developer";
				COPY_PHASE_STRIP = YES;
				ENABLE_NS_ASSERTIONS = NO;
				GCC_C_LANGUAGE_STANDARD = gnu99;
				GCC_WARN_64_TO_32_BIT_CONVERSION = YES;
				GCC_WARN_ABOUT_RETURN_TYPE = YES_ERROR;
				GCC_WARN_UNDECLARED_SELECTOR = YES;
				GCC_WARN_UNINITIALIZED_AUTOS = YES_AGGRESSIVE;
				GCC_WARN_UNUSED_FUNCTION = YES;
				GCC_WARN_UNUSED_VARIABLE = YES;
				IPHONEOS_DEPLOYMENT_TARGET = 7.0;
				SDKROOT = iphoneos;
				VALIDATE_PRODUCT = YES;
			};
			name = Release;
		};
		34EBE3E513594F7B00A24C01 /* Debug */ = {
			isa = XCBuildConfiguration;
			baseConfigurationReference = 0D2DA4DE1964FA6500DD91A7 /* Mobile Wired.xcconfig */;
			buildSettings = {
				ALWAYS_SEARCH_USER_PATHS = NO;
				ASSETCATALOG_COMPILER_APPICON_NAME = AppIcon;
				ASSETCATALOG_COMPILER_LAUNCHIMAGE_NAME = LaunchImage;
				CLANG_ENABLE_OBJC_ARC = YES;
				CLANG_WARN_DEPRECATED_OBJC_IMPLEMENTATIONS = YES;
				CLANG_WARN_EMPTY_BODY = YES;
				CLANG_WARN_OBJC_IMPLICIT_ATOMIC_PROPERTIES = NO;
				CLANG_WARN_OBJC_MISSING_PROPERTY_SYNTHESIS = NO;
				COMPRESS_PNG_FILES = NO;
				COPY_PHASE_STRIP = NO;
				FRAMEWORK_SEARCH_PATHS = (
					"$(inherited)",
				);
				GCC_DYNAMIC_NO_PIC = NO;
				GCC_PRECOMPILE_PREFIX_HEADER = YES;
				GCC_PREFIX_HEADER = "Mobile Wired/MobileWired-Prefix.pch";
				GCC_VERSION = "";
				GCC_WARN_MULTIPLE_DEFINITION_TYPES_FOR_SELECTOR = YES;
				GCC_WARN_STRICT_SELECTOR_MATCH = YES;
				GCC_WARN_UNDECLARED_SELECTOR = YES;
				INFOPLIST_FILE = "Mobile Wired/MobileWired-Info.plist";
				IPHONEOS_DEPLOYMENT_TARGET = 7.0;
				PRODUCT_NAME = "$(TARGET_NAME)";
				WRAPPER_EXTENSION = app;
			};
			name = Debug;
		};
		34EBE3E613594F7B00A24C01 /* Release */ = {
			isa = XCBuildConfiguration;
			baseConfigurationReference = 0D2DA4DE1964FA6500DD91A7 /* Mobile Wired.xcconfig */;
			buildSettings = {
				ALWAYS_SEARCH_USER_PATHS = NO;
				ASSETCATALOG_COMPILER_APPICON_NAME = AppIcon;
				ASSETCATALOG_COMPILER_LAUNCHIMAGE_NAME = LaunchImage;
				CLANG_ENABLE_OBJC_ARC = YES;
				CLANG_WARN_DEPRECATED_OBJC_IMPLEMENTATIONS = YES;
				CLANG_WARN_EMPTY_BODY = YES;
				CLANG_WARN_OBJC_IMPLICIT_ATOMIC_PROPERTIES = NO;
				CLANG_WARN_OBJC_MISSING_PROPERTY_SYNTHESIS = NO;
				COMPRESS_PNG_FILES = NO;
				COPY_PHASE_STRIP = NO;
				FRAMEWORK_SEARCH_PATHS = (
					"$(inherited)",
				);
				GCC_PRECOMPILE_PREFIX_HEADER = YES;
				GCC_PREFIX_HEADER = "Mobile Wired/MobileWired-Prefix.pch";
				GCC_VERSION = "";
				GCC_WARN_MULTIPLE_DEFINITION_TYPES_FOR_SELECTOR = YES;
				GCC_WARN_STRICT_SELECTOR_MATCH = YES;
				GCC_WARN_UNDECLARED_SELECTOR = YES;
				INFOPLIST_FILE = "Mobile Wired/MobileWired-Info.plist";
				IPHONEOS_DEPLOYMENT_TARGET = 7.0;
				PRODUCT_NAME = "$(TARGET_NAME)";
				VALIDATE_PRODUCT = YES;
				WRAPPER_EXTENSION = app;
			};
			name = Release;
		};
/* End XCBuildConfiguration section */

/* Begin XCConfigurationList section */
		0D340FBF1965941F00C6AE88 /* Build configuration list for PBXAggregateTarget "OCLint" */ = {
			isa = XCConfigurationList;
			buildConfigurations = (
				0D340FBD1965941F00C6AE88 /* Debug */,
				0D340FBE1965941F00C6AE88 /* Release */,
			);
			defaultConfigurationIsVisible = 0;
			defaultConfigurationName = Release;
		};
		34EBE3B813594F7A00A24C01 /* Build configuration list for PBXProject "Mobile Wired" */ = {
			isa = XCConfigurationList;
			buildConfigurations = (
				34EBE3E213594F7B00A24C01 /* Debug */,
				34EBE3E313594F7B00A24C01 /* Release */,
			);
			defaultConfigurationIsVisible = 0;
			defaultConfigurationName = Release;
		};
		34EBE3E413594F7B00A24C01 /* Build configuration list for PBXNativeTarget "Mobile Wired" */ = {
			isa = XCConfigurationList;
			buildConfigurations = (
				34EBE3E513594F7B00A24C01 /* Debug */,
				34EBE3E613594F7B00A24C01 /* Release */,
			);
			defaultConfigurationIsVisible = 0;
			defaultConfigurationName = Release;
		};
/* End XCConfigurationList section */
	};
	rootObject = 34EBE3B513594F7A00A24C01 /* Project object */;
}
