// !$*UTF8*$!
{
	archiveVersion = 1;
	classes = {
	};
	objectVersion = 46;
	objects = {

/* Begin PBXBuildFile section */
		0D0B50E5180CDF8200198D07 /* MobileWired.storyboard in Resources */ = {isa = PBXBuildFile; fileRef = 0D0B50E3180CDF8200198D07 /* MobileWired.storyboard */; };
		0D113DB11942651C0056E5D3 /* MWBookmarkSettingsController.m in Sources */ = {isa = PBXBuildFile; fileRef = 0D113DB01942651C0056E5D3 /* MWBookmarkSettingsController.m */; };
		0D113DB4194265360056E5D3 /* MWBookmarksViewController.m in Sources */ = {isa = PBXBuildFile; fileRef = 0D113DB3194265360056E5D3 /* MWBookmarksViewController.m */; };
		0D113DB719426B430056E5D3 /* MWAppDelegate.m in Sources */ = {isa = PBXBuildFile; fileRef = 0D113DB619426B430056E5D3 /* MWAppDelegate.m */; };
		0D113DBA19426D160056E5D3 /* README.md in Resources */ = {isa = PBXBuildFile; fileRef = 0D113DB919426D160056E5D3 /* README.md */; };
		0D1838A2180DC8E000FD6AC1 /* Images.xcassets in Resources */ = {isa = PBXBuildFile; fileRef = 0D1838A1180DC8E000FD6AC1 /* Images.xcassets */; };
		0D640C7B194758DB0069F108 /* MWSettingsViewController.m in Sources */ = {isa = PBXBuildFile; fileRef = 0D640C7A194758DB0069F108 /* MWSettingsViewController.m */; };
		0D640C7F19475D910069F108 /* MWTextFieldCell.m in Sources */ = {isa = PBXBuildFile; fileRef = 0D640C7E19475D910069F108 /* MWTextFieldCell.m */; };
		0D640C82194767CA0069F108 /* UITableView+Subviews.m in Sources */ = {isa = PBXBuildFile; fileRef = 0D640C81194767CA0069F108 /* UITableView+Subviews.m */; };
		0D640C89194769120069F108 /* NSString+Base64.m in Sources */ = {isa = PBXBuildFile; fileRef = 0D640C84194769120069F108 /* NSString+Base64.m */; };
		0D640C8A194769120069F108 /* NSString+Hashes.m in Sources */ = {isa = PBXBuildFile; fileRef = 0D640C86194769120069F108 /* NSString+Hashes.m */; };
		0D640C8B194769120069F108 /* UIImage+MWKit.m in Sources */ = {isa = PBXBuildFile; fileRef = 0D640C88194769120069F108 /* UIImage+MWKit.m */; };
		0D6B66261606475E002F5710 /* WiredSpec_2.0b53.xml in Resources */ = {isa = PBXBuildFile; fileRef = 0D6B66251606475E002F5710 /* WiredSpec_2.0b53.xml */; };
		0DA8B04C17277CFE008297ED /* QuartzCore.framework in Frameworks */ = {isa = PBXBuildFile; fileRef = 0DA8B04B17277CFE008297ED /* QuartzCore.framework */; };
		0DCF83E8194CBEB100511AD8 /* MWDataStore.m in Sources */ = {isa = PBXBuildFile; fileRef = 0DCF83E7194CBEB100511AD8 /* MWDataStore.m */; };
		0DD4C0D715BCD8960030069F /* UserInfoViewController.m in Sources */ = {isa = PBXBuildFile; fileRef = 0DD4C0D515BCD8960030069F /* UserInfoViewController.m */; };
		0DD4C0DB15BCDA9E0030069F /* UserInfoView.xib in Resources */ = {isa = PBXBuildFile; fileRef = 0DD4C0D915BCDA9E0030069F /* UserInfoView.xib */; };
		0DFF15091941420000294943 /* MWDrawerController.m in Sources */ = {isa = PBXBuildFile; fileRef = 0DFF15081941420000294943 /* MWDrawerController.m */; };
		3451A4FC155F603F005C5662 /* WiredSpec_2.0b51.xml in Resources */ = {isa = PBXBuildFile; fileRef = 3451A4FA155F603F005C5662 /* WiredSpec_2.0b51.xml */; };
		3451A4FD155F603F005C5662 /* WiredSpec_2.0b55.xml in Resources */ = {isa = PBXBuildFile; fileRef = 3451A4FB155F603F005C5662 /* WiredSpec_2.0b55.xml */; };
		3477029F135A026200F91A8B /* WiredConnection.m in Sources */ = {isa = PBXBuildFile; fileRef = 3477029E135A026200F91A8B /* WiredConnection.m */; };
		3482C1A9155C6C5D00415794 /* Security.framework in Frameworks */ = {isa = PBXBuildFile; fileRef = 3482C1A8155C6C5D00415794 /* Security.framework */; };
		3482C1AA155C6C6E00415794 /* CFNetwork.framework in Frameworks */ = {isa = PBXBuildFile; fileRef = 34EBE43C1359690000A24C01 /* CFNetwork.framework */; };
		34838FAA14F32BA80064B619 /* UserListViewController.m in Sources */ = {isa = PBXBuildFile; fileRef = 34838FA914F32BA80064B619 /* UserListViewController.m */; };
		34EBE3C313594F7B00A24C01 /* UIKit.framework in Frameworks */ = {isa = PBXBuildFile; fileRef = 34EBE3C213594F7B00A24C01 /* UIKit.framework */; };
		34EBE3C513594F7B00A24C01 /* Foundation.framework in Frameworks */ = {isa = PBXBuildFile; fileRef = 34EBE3C413594F7B00A24C01 /* Foundation.framework */; };
		34EBE3C713594F7B00A24C01 /* CoreGraphics.framework in Frameworks */ = {isa = PBXBuildFile; fileRef = 34EBE3C613594F7B00A24C01 /* CoreGraphics.framework */; };
		34EBE3D213594F7B00A24C01 /* main.m in Sources */ = {isa = PBXBuildFile; fileRef = 34EBE3D113594F7B00A24C01 /* main.m */; };
		34EBE402135951A700A24C01 /* InfoPlist.strings in Resources */ = {isa = PBXBuildFile; fileRef = 34EBE3FC135951A700A24C01 /* InfoPlist.strings */; };
		34EBE403135951A700A24C01 /* MainWindow.xib in Resources */ = {isa = PBXBuildFile; fileRef = 34EBE3FE135951A700A24C01 /* MainWindow.xib */; };
		34EBE4211359565100A24C01 /* ChatView.xib in Resources */ = {isa = PBXBuildFile; fileRef = 34EBE41B1359565100A24C01 /* ChatView.xib */; };
		34EBE4231359565100A24C01 /* UserListView.xib in Resources */ = {isa = PBXBuildFile; fileRef = 34EBE41F1359565100A24C01 /* UserListView.xib */; };
		34EBE42B1359569B00A24C01 /* ChatViewController.m in Sources */ = {isa = PBXBuildFile; fileRef = 34EBE4271359569B00A24C01 /* ChatViewController.m */; };
		34FC5C8D135BB3430049C737 /* libz.dylib in Frameworks */ = {isa = PBXBuildFile; fileRef = 34FC5C8C135BB3430049C737 /* libz.dylib */; };
		78AA702D4B884034AE657FBD /* libPods.a in Frameworks */ = {isa = PBXBuildFile; fileRef = 2F702BD2F4204C49977D2E93 /* libPods.a */; };
/* End PBXBuildFile section */

/* Begin PBXFileReference section */
		0D0B50E4180CDF8200198D07 /* en */ = {isa = PBXFileReference; lastKnownFileType = file.storyboard; name = en; path = MobileWired.storyboard; sourceTree = "<group>"; };
		0D113DAF1942651C0056E5D3 /* MWBookmarkSettingsController.h */ = {isa = PBXFileReference; fileEncoding = 4; lastKnownFileType = sourcecode.c.h; name = MWBookmarkSettingsController.h; path = "View Controllers/MWBookmarkSettingsController.h"; sourceTree = "<group>"; };
		0D113DB01942651C0056E5D3 /* MWBookmarkSettingsController.m */ = {isa = PBXFileReference; fileEncoding = 4; lastKnownFileType = sourcecode.c.objc; name = MWBookmarkSettingsController.m; path = "View Controllers/MWBookmarkSettingsController.m"; sourceTree = "<group>"; };
		0D113DB2194265360056E5D3 /* MWBookmarksViewController.h */ = {isa = PBXFileReference; fileEncoding = 4; lastKnownFileType = sourcecode.c.h; name = MWBookmarksViewController.h; path = "View Controllers/MWBookmarksViewController.h"; sourceTree = "<group>"; };
		0D113DB3194265360056E5D3 /* MWBookmarksViewController.m */ = {isa = PBXFileReference; fileEncoding = 4; lastKnownFileType = sourcecode.c.objc; name = MWBookmarksViewController.m; path = "View Controllers/MWBookmarksViewController.m"; sourceTree = "<group>"; };
		0D113DB519426B430056E5D3 /* MWAppDelegate.h */ = {isa = PBXFileReference; fileEncoding = 4; lastKnownFileType = sourcecode.c.h; path = MWAppDelegate.h; sourceTree = "<group>"; };
		0D113DB619426B430056E5D3 /* MWAppDelegate.m */ = {isa = PBXFileReference; fileEncoding = 4; lastKnownFileType = sourcecode.c.objc; path = MWAppDelegate.m; sourceTree = "<group>"; };
		0D113DB919426D160056E5D3 /* README.md */ = {isa = PBXFileReference; fileEncoding = 4; lastKnownFileType = text; path = README.md; sourceTree = "<group>"; };
		0D12846615BA54C700CB6522 /* TestFlightTokens.h */ = {isa = PBXFileReference; lastKnownFileType = sourcecode.c.h; path = TestFlightTokens.h; sourceTree = "<group>"; };
		0D1838A1180DC8E000FD6AC1 /* Images.xcassets */ = {isa = PBXFileReference; lastKnownFileType = folder.assetcatalog; name = Images.xcassets; path = Resources/Images.xcassets; sourceTree = "<group>"; };
		0D640C79194758DB0069F108 /* MWSettingsViewController.h */ = {isa = PBXFileReference; fileEncoding = 4; lastKnownFileType = sourcecode.c.h; name = MWSettingsViewController.h; path = "View Controllers/MWSettingsViewController.h"; sourceTree = "<group>"; };
		0D640C7A194758DB0069F108 /* MWSettingsViewController.m */ = {isa = PBXFileReference; fileEncoding = 4; lastKnownFileType = sourcecode.c.objc; name = MWSettingsViewController.m; path = "View Controllers/MWSettingsViewController.m"; sourceTree = "<group>"; };
		0D640C7D19475D910069F108 /* MWTextFieldCell.h */ = {isa = PBXFileReference; fileEncoding = 4; lastKnownFileType = sourcecode.c.h; path = MWTextFieldCell.h; sourceTree = "<group>"; };
		0D640C7E19475D910069F108 /* MWTextFieldCell.m */ = {isa = PBXFileReference; fileEncoding = 4; lastKnownFileType = sourcecode.c.objc; path = MWTextFieldCell.m; sourceTree = "<group>"; };
		0D640C80194767CA0069F108 /* UITableView+Subviews.h */ = {isa = PBXFileReference; fileEncoding = 4; lastKnownFileType = sourcecode.c.h; name = "UITableView+Subviews.h"; path = "Categories/UITableView+Subviews.h"; sourceTree = "<group>"; };
		0D640C81194767CA0069F108 /* UITableView+Subviews.m */ = {isa = PBXFileReference; fileEncoding = 4; lastKnownFileType = sourcecode.c.objc; name = "UITableView+Subviews.m"; path = "Categories/UITableView+Subviews.m"; sourceTree = "<group>"; };
		0D640C83194769120069F108 /* NSString+Base64.h */ = {isa = PBXFileReference; fileEncoding = 4; lastKnownFileType = sourcecode.c.h; name = "NSString+Base64.h"; path = "Categories/NSString+Base64.h"; sourceTree = "<group>"; };
		0D640C84194769120069F108 /* NSString+Base64.m */ = {isa = PBXFileReference; fileEncoding = 4; lastKnownFileType = sourcecode.c.objc; name = "NSString+Base64.m"; path = "Categories/NSString+Base64.m"; sourceTree = "<group>"; };
		0D640C85194769120069F108 /* NSString+Hashes.h */ = {isa = PBXFileReference; fileEncoding = 4; lastKnownFileType = sourcecode.c.h; name = "NSString+Hashes.h"; path = "Categories/NSString+Hashes.h"; sourceTree = "<group>"; };
		0D640C86194769120069F108 /* NSString+Hashes.m */ = {isa = PBXFileReference; fileEncoding = 4; lastKnownFileType = sourcecode.c.objc; name = "NSString+Hashes.m"; path = "Categories/NSString+Hashes.m"; sourceTree = "<group>"; };
		0D640C87194769120069F108 /* UIImage+MWKit.h */ = {isa = PBXFileReference; fileEncoding = 4; lastKnownFileType = sourcecode.c.h; name = "UIImage+MWKit.h"; path = "Categories/UIImage+MWKit.h"; sourceTree = "<group>"; };
		0D640C88194769120069F108 /* UIImage+MWKit.m */ = {isa = PBXFileReference; fileEncoding = 4; lastKnownFileType = sourcecode.c.objc; name = "UIImage+MWKit.m"; path = "Categories/UIImage+MWKit.m"; sourceTree = "<group>"; };
		0D6B66251606475E002F5710 /* WiredSpec_2.0b53.xml */ = {isa = PBXFileReference; fileEncoding = 4; lastKnownFileType = text.xml; name = WiredSpec_2.0b53.xml; path = Resources/WiredSpec_2.0b53.xml; sourceTree = "<group>"; };
		0DA8B04B17277CFE008297ED /* QuartzCore.framework */ = {isa = PBXFileReference; lastKnownFileType = wrapper.framework; name = QuartzCore.framework; path = System/Library/Frameworks/QuartzCore.framework; sourceTree = SDKROOT; };
		0DCF83E6194CBEB100511AD8 /* MWDataStore.h */ = {isa = PBXFileReference; fileEncoding = 4; lastKnownFileType = sourcecode.c.h; path = MWDataStore.h; sourceTree = "<group>"; };
		0DCF83E7194CBEB100511AD8 /* MWDataStore.m */ = {isa = PBXFileReference; fileEncoding = 4; lastKnownFileType = sourcecode.c.objc; path = MWDataStore.m; sourceTree = "<group>"; };
		0DD4C0D415BCD8960030069F /* UserInfoViewController.h */ = {isa = PBXFileReference; fileEncoding = 4; lastKnownFileType = sourcecode.c.h; name = UserInfoViewController.h; path = Classes/UserInfoViewController.h; sourceTree = "<group>"; };
		0DD4C0D515BCD8960030069F /* UserInfoViewController.m */ = {isa = PBXFileReference; fileEncoding = 4; lastKnownFileType = sourcecode.c.objc; name = UserInfoViewController.m; path = Classes/UserInfoViewController.m; sourceTree = "<group>"; };
		0DD4C0DA15BCDA9E0030069F /* en */ = {isa = PBXFileReference; lastKnownFileType = file.xib; name = en; path = Resources/en.lproj/UserInfoView.xib; sourceTree = "<group>"; };
		0DFF15071941420000294943 /* MWDrawerController.h */ = {isa = PBXFileReference; fileEncoding = 4; lastKnownFileType = sourcecode.c.h; name = MWDrawerController.h; path = Classes/MWDrawerController.h; sourceTree = "<group>"; };
		0DFF15081941420000294943 /* MWDrawerController.m */ = {isa = PBXFileReference; fileEncoding = 4; lastKnownFileType = sourcecode.c.objc; name = MWDrawerController.m; path = Classes/MWDrawerController.m; sourceTree = "<group>"; };
		0DFF150A194147C100294943 /* MWMacros.h */ = {isa = PBXFileReference; lastKnownFileType = sourcecode.c.h; path = MWMacros.h; sourceTree = "<group>"; };
		2F702BD2F4204C49977D2E93 /* libPods.a */ = {isa = PBXFileReference; explicitFileType = archive.ar; includeInIndex = 0; path = libPods.a; sourceTree = BUILT_PRODUCTS_DIR; };
		3431FF5F136C93ED00EDB8D8 /* ROADMAP.md */ = {isa = PBXFileReference; lastKnownFileType = text; path = ROADMAP.md; sourceTree = "<group>"; };
		3451A4FA155F603F005C5662 /* WiredSpec_2.0b51.xml */ = {isa = PBXFileReference; fileEncoding = 4; lastKnownFileType = text.xml; name = WiredSpec_2.0b51.xml; path = Resources/WiredSpec_2.0b51.xml; sourceTree = "<group>"; };
		3451A4FB155F603F005C5662 /* WiredSpec_2.0b55.xml */ = {isa = PBXFileReference; fileEncoding = 4; lastKnownFileType = text.xml; name = WiredSpec_2.0b55.xml; path = Resources/WiredSpec_2.0b55.xml; sourceTree = "<group>"; };
		3477029D135A026100F91A8B /* WiredConnection.h */ = {isa = PBXFileReference; fileEncoding = 4; lastKnownFileType = sourcecode.c.h; name = WiredConnection.h; path = Classes/WiredConnection.h; sourceTree = "<group>"; };
		3477029E135A026200F91A8B /* WiredConnection.m */ = {isa = PBXFileReference; fileEncoding = 4; lastKnownFileType = sourcecode.c.objc; name = WiredConnection.m; path = Classes/WiredConnection.m; sourceTree = "<group>"; };
		3482C1A8155C6C5D00415794 /* Security.framework */ = {isa = PBXFileReference; lastKnownFileType = wrapper.framework; name = Security.framework; path = System/Library/Frameworks/Security.framework; sourceTree = SDKROOT; };
		34838FA814F32BA80064B619 /* UserListViewController.h */ = {isa = PBXFileReference; fileEncoding = 4; lastKnownFileType = sourcecode.c.h; name = UserListViewController.h; path = Classes/UserListViewController.h; sourceTree = "<group>"; };
		34838FA914F32BA80064B619 /* UserListViewController.m */ = {isa = PBXFileReference; fileEncoding = 4; lastKnownFileType = sourcecode.c.objc; name = UserListViewController.m; path = Classes/UserListViewController.m; sourceTree = "<group>"; };
		34EBE3BE13594F7B00A24C01 /* Mobile Wired.app */ = {isa = PBXFileReference; explicitFileType = wrapper.application; includeInIndex = 0; path = "Mobile Wired.app"; sourceTree = BUILT_PRODUCTS_DIR; };
		34EBE3C213594F7B00A24C01 /* UIKit.framework */ = {isa = PBXFileReference; lastKnownFileType = wrapper.framework; name = UIKit.framework; path = System/Library/Frameworks/UIKit.framework; sourceTree = SDKROOT; };
		34EBE3C413594F7B00A24C01 /* Foundation.framework */ = {isa = PBXFileReference; lastKnownFileType = wrapper.framework; name = Foundation.framework; path = System/Library/Frameworks/Foundation.framework; sourceTree = SDKROOT; };
		34EBE3C613594F7B00A24C01 /* CoreGraphics.framework */ = {isa = PBXFileReference; lastKnownFileType = wrapper.framework; name = CoreGraphics.framework; path = System/Library/Frameworks/CoreGraphics.framework; sourceTree = SDKROOT; };
		34EBE3D113594F7B00A24C01 /* main.m */ = {isa = PBXFileReference; lastKnownFileType = sourcecode.c.objc; path = main.m; sourceTree = "<group>"; };
		34EBE3F61359515F00A24C01 /* MobileWired-Info.plist */ = {isa = PBXFileReference; fileEncoding = 4; lastKnownFileType = text.plist.xml; path = "MobileWired-Info.plist"; sourceTree = "<group>"; };
		34EBE3F71359515F00A24C01 /* MobileWired-Prefix.pch */ = {isa = PBXFileReference; fileEncoding = 4; lastKnownFileType = sourcecode.c.h; path = "MobileWired-Prefix.pch"; sourceTree = "<group>"; };
		34EBE3FD135951A700A24C01 /* en */ = {isa = PBXFileReference; lastKnownFileType = text.plist.strings; name = en; path = InfoPlist.strings; sourceTree = "<group>"; };
		34EBE41C1359565100A24C01 /* en */ = {isa = PBXFileReference; lastKnownFileType = file.xib; name = en; path = ChatView.xib; sourceTree = "<group>"; };
		34EBE4201359565100A24C01 /* en */ = {isa = PBXFileReference; lastKnownFileType = file.xib; name = en; path = UserListView.xib; sourceTree = "<group>"; };
		34EBE4261359569B00A24C01 /* ChatViewController.h */ = {isa = PBXFileReference; fileEncoding = 4; lastKnownFileType = sourcecode.c.h; name = ChatViewController.h; path = Classes/ChatViewController.h; sourceTree = "<group>"; };
		34EBE4271359569B00A24C01 /* ChatViewController.m */ = {isa = PBXFileReference; fileEncoding = 4; lastKnownFileType = sourcecode.c.objc; name = ChatViewController.m; path = Classes/ChatViewController.m; sourceTree = "<group>"; };
		34EBE43C1359690000A24C01 /* CFNetwork.framework */ = {isa = PBXFileReference; lastKnownFileType = wrapper.framework; name = CFNetwork.framework; path = System/Library/Frameworks/CFNetwork.framework; sourceTree = SDKROOT; };
		34FC5C8C135BB3430049C737 /* libz.dylib */ = {isa = PBXFileReference; lastKnownFileType = "compiled.mach-o.dylib"; name = libz.dylib; path = usr/lib/libz.dylib; sourceTree = SDKROOT; };
		3C0413468ACF4A42A3A1EFD9 /* Pods.xcconfig */ = {isa = PBXFileReference; includeInIndex = 1; lastKnownFileType = text.xcconfig; name = Pods.xcconfig; path = Pods/Pods.xcconfig; sourceTree = "<group>"; };
/* End PBXFileReference section */

/* Begin PBXFrameworksBuildPhase section */
		34EBE3BB13594F7A00A24C01 /* Frameworks */ = {
			isa = PBXFrameworksBuildPhase;
			buildActionMask = 2147483647;
			files = (
				0DA8B04C17277CFE008297ED /* QuartzCore.framework in Frameworks */,
				34EBE3C513594F7B00A24C01 /* Foundation.framework in Frameworks */,
				34EBE3C713594F7B00A24C01 /* CoreGraphics.framework in Frameworks */,
				34EBE3C313594F7B00A24C01 /* UIKit.framework in Frameworks */,
				3482C1AA155C6C6E00415794 /* CFNetwork.framework in Frameworks */,
				3482C1A9155C6C5D00415794 /* Security.framework in Frameworks */,
				34FC5C8D135BB3430049C737 /* libz.dylib in Frameworks */,
				78AA702D4B884034AE657FBD /* libPods.a in Frameworks */,
			);
			runOnlyForDeploymentPostprocessing = 0;
		};
/* End PBXFrameworksBuildPhase section */

/* Begin PBXGroup section */
		0D113DB819426CBB0056E5D3 /* WiredConnection */ = {
			isa = PBXGroup;
			children = (
				3477029D135A026100F91A8B /* WiredConnection.h */,
				3477029E135A026200F91A8B /* WiredConnection.m */,
				34FC5C84135B4D790049C737 /* Specifications */,
			);
			name = WiredConnection;
			path = "Mobile Wired";
			sourceTree = "<group>";
		};
		0D640C7C19475D910069F108 /* Table View Cells */ = {
			isa = PBXGroup;
			children = (
				0D640C7D19475D910069F108 /* MWTextFieldCell.h */,
				0D640C7E19475D910069F108 /* MWTextFieldCell.m */,
			);
			path = "Table View Cells";
			sourceTree = "<group>";
		};
		0DFF14FD19412B6E00294943 /* Chat View */ = {
			isa = PBXGroup;
			children = (
				34EBE4261359569B00A24C01 /* ChatViewController.h */,
				34EBE4271359569B00A24C01 /* ChatViewController.m */,
				34EBE41B1359565100A24C01 /* ChatView.xib */,
			);
			name = "Chat View";
			sourceTree = "<group>";
		};
		3440CD061366188E0046955F /* Categories */ = {
			isa = PBXGroup;
			children = (
				0D640C83194769120069F108 /* NSString+Base64.h */,
				0D640C84194769120069F108 /* NSString+Base64.m */,
				0D640C85194769120069F108 /* NSString+Hashes.h */,
				0D640C86194769120069F108 /* NSString+Hashes.m */,
				0D640C87194769120069F108 /* UIImage+MWKit.h */,
				0D640C88194769120069F108 /* UIImage+MWKit.m */,
				0D640C80194767CA0069F108 /* UITableView+Subviews.h */,
				0D640C81194767CA0069F108 /* UITableView+Subviews.m */,
			);
			name = Categories;
			sourceTree = "<group>";
		};
		3482C1B6155C7E1B00415794 /* Bookmark Settings */ = {
			isa = PBXGroup;
			children = (
				0D113DAF1942651C0056E5D3 /* MWBookmarkSettingsController.h */,
				0D113DB01942651C0056E5D3 /* MWBookmarkSettingsController.m */,
			);
			name = "Bookmark Settings";
			sourceTree = "<group>";
		};
		34AEB770150CFDCD005F2B96 /* User List */ = {
			isa = PBXGroup;
			children = (
				34838FA814F32BA80064B619 /* UserListViewController.h */,
				34838FA914F32BA80064B619 /* UserListViewController.m */,
				34EBE41F1359565100A24C01 /* UserListView.xib */,
				0DD4C0D415BCD8960030069F /* UserInfoViewController.h */,
				0DD4C0D515BCD8960030069F /* UserInfoViewController.m */,
				0DD4C0D915BCDA9E0030069F /* UserInfoView.xib */,
			);
			name = "User List";
			sourceTree = "<group>";
		};
		34AEB772150CFDE1005F2B96 /* Bookmarks List */ = {
			isa = PBXGroup;
			children = (
				0D113DB2194265360056E5D3 /* MWBookmarksViewController.h */,
				0D113DB3194265360056E5D3 /* MWBookmarksViewController.m */,
			);
			name = "Bookmarks List";
			sourceTree = "<group>";
		};
		34DB44EE155705F200C955A5 /* Global Settings */ = {
			isa = PBXGroup;
			children = (
				0D640C79194758DB0069F108 /* MWSettingsViewController.h */,
				0D640C7A194758DB0069F108 /* MWSettingsViewController.m */,
			);
			name = "Global Settings";
			sourceTree = "<group>";
		};
		34EBE3B313594F7A00A24C01 = {
			isa = PBXGroup;
			children = (
				0D113DB919426D160056E5D3 /* README.md */,
				3431FF5F136C93ED00EDB8D8 /* ROADMAP.md */,
				34EBE3CA13594F7B00A24C01 /* Mobile Wired */,
				0D113DB819426CBB0056E5D3 /* WiredConnection */,
				3440CD061366188E0046955F /* Categories */,
				34EBE3CB13594F7B00A24C01 /* Supporting Files */,
				34EBE3C113594F7B00A24C01 /* Frameworks */,
				34EBE3BF13594F7B00A24C01 /* Products */,
				3C0413468ACF4A42A3A1EFD9 /* Pods.xcconfig */,
			);
			sourceTree = "<group>";
		};
		34EBE3BF13594F7B00A24C01 /* Products */ = {
			isa = PBXGroup;
			children = (
				34EBE3BE13594F7B00A24C01 /* Mobile Wired.app */,
			);
			name = Products;
			sourceTree = "<group>";
		};
		34EBE3C113594F7B00A24C01 /* Frameworks */ = {
			isa = PBXGroup;
			children = (
				34EBE43C1359690000A24C01 /* CFNetwork.framework */,
				34EBE3C613594F7B00A24C01 /* CoreGraphics.framework */,
				34EBE3C413594F7B00A24C01 /* Foundation.framework */,
				34FC5C8C135BB3430049C737 /* libz.dylib */,
				0DA8B04B17277CFE008297ED /* QuartzCore.framework */,
				3482C1A8155C6C5D00415794 /* Security.framework */,
				34EBE3C213594F7B00A24C01 /* UIKit.framework */,
				2F702BD2F4204C49977D2E93 /* libPods.a */,
			);
			name = Frameworks;
			sourceTree = "<group>";
		};
		34EBE3CA13594F7B00A24C01 /* Mobile Wired */ = {
			isa = PBXGroup;
			children = (
				0DFF150A194147C100294943 /* MWMacros.h */,
				0D113DB519426B430056E5D3 /* MWAppDelegate.h */,
				0D113DB619426B430056E5D3 /* MWAppDelegate.m */,
				0DCF83E6194CBEB100511AD8 /* MWDataStore.h */,
				0DCF83E7194CBEB100511AD8 /* MWDataStore.m */,
				0DFF15071941420000294943 /* MWDrawerController.h */,
				0DFF15081941420000294943 /* MWDrawerController.m */,
				0D0B50E3180CDF8200198D07 /* MobileWired.storyboard */,
				34AEB772150CFDE1005F2B96 /* Bookmarks List */,
				3482C1B6155C7E1B00415794 /* Bookmark Settings */,
				34DB44EE155705F200C955A5 /* Global Settings */,
				0DFF14FD19412B6E00294943 /* Chat View */,
				34AEB770150CFDCD005F2B96 /* User List */,
				0D640C7C19475D910069F108 /* Table View Cells */,
				0D12846615BA54C700CB6522 /* TestFlightTokens.h */,
			);
			path = "Mobile Wired";
			sourceTree = "<group>";
		};
		34EBE3CB13594F7B00A24C01 /* Supporting Files */ = {
			isa = PBXGroup;
			children = (
				0D1838A1180DC8E000FD6AC1 /* Images.xcassets */,
				34EBE3FC135951A700A24C01 /* InfoPlist.strings */,
				34EBE3F61359515F00A24C01 /* MobileWired-Info.plist */,
				34EBE3F71359515F00A24C01 /* MobileWired-Prefix.pch */,
				34EBE3D113594F7B00A24C01 /* main.m */,
			);
			name = "Supporting Files";
			path = "Mobile Wired";
			sourceTree = "<group>";
		};
		34FC5C84135B4D790049C737 /* Specifications */ = {
			isa = PBXGroup;
			children = (
				3451A4FA155F603F005C5662 /* WiredSpec_2.0b51.xml */,
				0D6B66251606475E002F5710 /* WiredSpec_2.0b53.xml */,
				3451A4FB155F603F005C5662 /* WiredSpec_2.0b55.xml */,
			);
			name = Specifications;
			sourceTree = "<group>";
		};
/* End PBXGroup section */

/* Begin PBXNativeTarget section */
		34EBE3BD13594F7A00A24C01 /* Mobile Wired */ = {
			isa = PBXNativeTarget;
			buildConfigurationList = 34EBE3E413594F7B00A24C01 /* Build configuration list for PBXNativeTarget "Mobile Wired" */;
			buildPhases = (
				3A1EC7240F9B48C6A88B7774 /* Check Pods Manifest.lock */,
				34EBE3BA13594F7A00A24C01 /* Sources */,
				34EBE3BB13594F7A00A24C01 /* Frameworks */,
				34EBE3BC13594F7A00A24C01 /* Resources */,
				34202D7E1364F357002F1B3B /* ShellScript */,
				73E49A7FEF14480F83EB773A /* Copy Pods Resources */,
			);
			buildRules = (
			);
			dependencies = (
			);
			name = "Mobile Wired";
			productName = "Mobile Wired";
			productReference = 34EBE3BE13594F7B00A24C01 /* Mobile Wired.app */;
			productType = "com.apple.product-type.application";
		};
/* End PBXNativeTarget section */

/* Begin PBXProject section */
		34EBE3B513594F7A00A24C01 /* Project object */ = {
			isa = PBXProject;
			attributes = {
				CLASSPREFIX = MW;
				LastUpgradeCheck = 0500;
				ORGANIZATIONNAME = "Matthew Price";
				TargetAttributes = {
					34EBE3BD13594F7A00A24C01 = {
						DevelopmentTeam = DL2J7C6ZBQ;
					};
				};
			};
			buildConfigurationList = 34EBE3B813594F7A00A24C01 /* Build configuration list for PBXProject "Mobile Wired" */;
			compatibilityVersion = "Xcode 3.2";
			developmentRegion = English;
			hasScannedForEncodings = 0;
			knownRegions = (
				en,
			);
			mainGroup = 34EBE3B313594F7A00A24C01;
			productRefGroup = 34EBE3BF13594F7B00A24C01 /* Products */;
			projectDirPath = "";
			projectRoot = "";
			targets = (
				34EBE3BD13594F7A00A24C01 /* Mobile Wired */,
			);
		};
/* End PBXProject section */

/* Begin PBXResourcesBuildPhase section */
		34EBE3BC13594F7A00A24C01 /* Resources */ = {
			isa = PBXResourcesBuildPhase;
			buildActionMask = 2147483647;
			files = (
				34EBE402135951A700A24C01 /* InfoPlist.strings in Resources */,
				34EBE403135951A700A24C01 /* MainWindow.xib in Resources */,
				34EBE4211359565100A24C01 /* ChatView.xib in Resources */,
				34EBE4231359565100A24C01 /* UserListView.xib in Resources */,
				3451A4FC155F603F005C5662 /* WiredSpec_2.0b51.xml in Resources */,
				3451A4FD155F603F005C5662 /* WiredSpec_2.0b55.xml in Resources */,
				0D113DBA19426D160056E5D3 /* README.md in Resources */,
				0DD4C0DB15BCDA9E0030069F /* UserInfoView.xib in Resources */,
				0D1838A2180DC8E000FD6AC1 /* Images.xcassets in Resources */,
				0D6B66261606475E002F5710 /* WiredSpec_2.0b53.xml in Resources */,
				0D0B50E5180CDF8200198D07 /* MobileWired.storyboard in Resources */,
			);
			runOnlyForDeploymentPostprocessing = 0;
		};
/* End PBXResourcesBuildPhase section */

/* Begin PBXShellScriptBuildPhase section */
		34202D7E1364F357002F1B3B /* ShellScript */ = {
			isa = PBXShellScriptBuildPhase;
			buildActionMask = 2147483647;
			files = (
			);
			inputPaths = (
			);
			outputPaths = (
			);
			runOnlyForDeploymentPostprocessing = 0;
			shellPath = /bin/sh;
			shellScript = "# Set the Info.plist end path.\nBUILD_PATH=${CODESIGNING_FOLDER_PATH}/Info.plist\n\n# Parse the version number from GIT.\nVERSION=$(eval echo `git log --pretty=format:'' | wc -l | egrep '[0-9]{1,}' -o`)\n˝\n# Save the resulting file.\n/usr/libexec/PlistBuddy -c \"Set :CFBundleVersion $VERSION\" \"$BUILD_PATH\"";
			showEnvVarsInLog = 0;
		};
		3A1EC7240F9B48C6A88B7774 /* Check Pods Manifest.lock */ = {
			isa = PBXShellScriptBuildPhase;
			buildActionMask = 2147483647;
			files = (
			);
			inputPaths = (
			);
			name = "Check Pods Manifest.lock";
			outputPaths = (
			);
			runOnlyForDeploymentPostprocessing = 0;
			shellPath = /bin/sh;
			shellScript = "diff \"${PODS_ROOT}/../Podfile.lock\" \"${PODS_ROOT}/Manifest.lock\" > /dev/null\nif [[ $? != 0 ]] ; then\n    cat << EOM\nerror: The sandbox is not in sync with the Podfile.lock. Run 'pod install' or update your CocoaPods installation.\nEOM\n    exit 1\nfi\n";
			showEnvVarsInLog = 0;
		};
		73E49A7FEF14480F83EB773A /* Copy Pods Resources */ = {
			isa = PBXShellScriptBuildPhase;
			buildActionMask = 2147483647;
			files = (
			);
			inputPaths = (
			);
			name = "Copy Pods Resources";
			outputPaths = (
			);
			runOnlyForDeploymentPostprocessing = 0;
			shellPath = /bin/sh;
			shellScript = "\"${SRCROOT}/Pods/Pods-resources.sh\"\n";
			showEnvVarsInLog = 0;
		};
/* End PBXShellScriptBuildPhase section */

/* Begin PBXSourcesBuildPhase section */
		34EBE3BA13594F7A00A24C01 /* Sources */ = {
			isa = PBXSourcesBuildPhase;
			buildActionMask = 2147483647;
			files = (
				0DFF15091941420000294943 /* MWDrawerController.m in Sources */,
				34EBE3D213594F7B00A24C01 /* main.m in Sources */,
				34EBE42B1359569B00A24C01 /* ChatViewController.m in Sources */,
				0DCF83E8194CBEB100511AD8 /* MWDataStore.m in Sources */,
				3477029F135A026200F91A8B /* WiredConnection.m in Sources */,
				0D640C89194769120069F108 /* NSString+Base64.m in Sources */,
				0D640C82194767CA0069F108 /* UITableView+Subviews.m in Sources */,
				0D640C7F19475D910069F108 /* MWTextFieldCell.m in Sources */,
				34838FAA14F32BA80064B619 /* UserListViewController.m in Sources */,
				0D113DB4194265360056E5D3 /* MWBookmarksViewController.m in Sources */,
				0D640C7B194758DB0069F108 /* MWSettingsViewController.m in Sources */,
				0D113DB719426B430056E5D3 /* MWAppDelegate.m in Sources */,
				0D640C8A194769120069F108 /* NSString+Hashes.m in Sources */,
				0D113DB11942651C0056E5D3 /* MWBookmarkSettingsController.m in Sources */,
				0D640C8B194769120069F108 /* UIImage+MWKit.m in Sources */,
				0DD4C0D715BCD8960030069F /* UserInfoViewController.m in Sources */,
			);
			runOnlyForDeploymentPostprocessing = 0;
		};
/* End PBXSourcesBuildPhase section */

/* Begin PBXVariantGroup section */
		0D0B50E3180CDF8200198D07 /* MobileWired.storyboard */ = {
			isa = PBXVariantGroup;
			children = (
				0D0B50E4180CDF8200198D07 /* en */,
			);
			name = MobileWired.storyboard;
			path = Resources/en.lproj;
			sourceTree = "<group>";
		};
		0DD4C0D915BCDA9E0030069F /* UserInfoView.xib */ = {
			isa = PBXVariantGroup;
			children = (
				0DD4C0DA15BCDA9E0030069F /* en */,
			);
			name = UserInfoView.xib;
			sourceTree = "<group>";
		};
		34EBE3FC135951A700A24C01 /* InfoPlist.strings */ = {
			isa = PBXVariantGroup;
			children = (
				34EBE3FD135951A700A24C01 /* en */,
			);
			name = InfoPlist.strings;
			path = Resources/en.lproj;
			sourceTree = "<group>";
		};
		34EBE3FE135951A700A24C01 /* MainWindow.xib */ = {
			isa = PBXVariantGroup;
			children = (
			);
			name = MainWindow.xib;
			path = /Resources/en.lproj;
			sourceTree = "<group>";
		};
		34EBE41B1359565100A24C01 /* ChatView.xib */ = {
			isa = PBXVariantGroup;
			children = (
				34EBE41C1359565100A24C01 /* en */,
			);
			name = ChatView.xib;
			path = Resources/en.lproj;
			sourceTree = "<group>";
		};
		34EBE41F1359565100A24C01 /* UserListView.xib */ = {
			isa = PBXVariantGroup;
			children = (
				34EBE4201359565100A24C01 /* en */,
			);
			name = UserListView.xib;
			path = Resources/en.lproj;
			sourceTree = "<group>";
		};
/* End PBXVariantGroup section */

/* Begin XCBuildConfiguration section */
		34EBE3E213594F7B00A24C01 /* Debug */ = {
			isa = XCBuildConfiguration;
			buildSettings = {
				CLANG_ANALYZER_SECURITY_FLOATLOOPCOUNTER = YES;
				CLANG_ANALYZER_SECURITY_INSECUREAPI_RAND = YES;
				CLANG_ANALYZER_SECURITY_INSECUREAPI_STRCPY = YES;
				CLANG_ENABLE_OBJC_ARC = YES;
				CLANG_WARN_CONSTANT_CONVERSION = YES;
				CLANG_WARN_DEPRECATED_OBJC_IMPLEMENTATIONS = YES;
				CLANG_WARN_EMPTY_BODY = YES;
				CLANG_WARN_ENUM_CONVERSION = YES;
				CLANG_WARN_INT_CONVERSION = YES;
				CLANG_WARN_OBJC_EXPLICIT_OWNERSHIP_TYPE = YES;
				CLANG_WARN_OBJC_IMPLICIT_ATOMIC_PROPERTIES = NO;
				CLANG_WARN_OBJC_IMPLICIT_RETAIN_SELF = YES;
				CLANG_WARN_OBJC_MISSING_PROPERTY_SYNTHESIS = YES;
				CLANG_WARN_OBJC_RECEIVER_WEAK = YES;
				CLANG_WARN_OBJC_REPEATED_USE_OF_WEAK = YES;
				CLANG_WARN__DUPLICATE_METHOD_MATCH = YES;
				GCC_C_LANGUAGE_STANDARD = gnu99;
				GCC_OPTIMIZATION_LEVEL = 0;
				GCC_PREPROCESSOR_DEFINITIONS = DEBUG;
				GCC_SYMBOLS_PRIVATE_EXTERN = NO;
				GCC_VERSION = "";
				GCC_WARN_ABOUT_RETURN_TYPE = YES;
				GCC_WARN_MULTIPLE_DEFINITION_TYPES_FOR_SELECTOR = YES;
				GCC_WARN_STRICT_SELECTOR_MATCH = YES;
				GCC_WARN_UNDECLARED_SELECTOR = YES;
				GCC_WARN_UNINITIALIZED_AUTOS = YES;
				GCC_WARN_UNUSED_VARIABLE = YES;
				IPHONEOS_DEPLOYMENT_TARGET = 7.0;
				ONLY_ACTIVE_ARCH = YES;
				OTHER_LDFLAGS = "";
				RUN_CLANG_STATIC_ANALYZER = YES;
				SDKROOT = iphoneos;
			};
			name = Debug;
		};
		34EBE3E313594F7B00A24C01 /* Release */ = {
			isa = XCBuildConfiguration;
			buildSettings = {
				CLANG_ANALYZER_SECURITY_FLOATLOOPCOUNTER = YES;
				CLANG_ANALYZER_SECURITY_INSECUREAPI_RAND = YES;
				CLANG_ANALYZER_SECURITY_INSECUREAPI_STRCPY = YES;
				CLANG_ENABLE_OBJC_ARC = YES;
				CLANG_WARN_CONSTANT_CONVERSION = YES;
				CLANG_WARN_DEPRECATED_OBJC_IMPLEMENTATIONS = YES;
				CLANG_WARN_EMPTY_BODY = YES;
				CLANG_WARN_ENUM_CONVERSION = YES;
				CLANG_WARN_INT_CONVERSION = YES;
				CLANG_WARN_OBJC_EXPLICIT_OWNERSHIP_TYPE = YES;
				CLANG_WARN_OBJC_IMPLICIT_ATOMIC_PROPERTIES = NO;
				CLANG_WARN_OBJC_IMPLICIT_RETAIN_SELF = YES;
				CLANG_WARN_OBJC_MISSING_PROPERTY_SYNTHESIS = YES;
				CLANG_WARN_OBJC_RECEIVER_WEAK = YES;
				CLANG_WARN_OBJC_REPEATED_USE_OF_WEAK = YES;
				CLANG_WARN__DUPLICATE_METHOD_MATCH = YES;
				GCC_C_LANGUAGE_STANDARD = gnu99;
				GCC_VERSION = "";
				GCC_WARN_ABOUT_RETURN_TYPE = YES;
				GCC_WARN_MULTIPLE_DEFINITION_TYPES_FOR_SELECTOR = YES;
				GCC_WARN_STRICT_SELECTOR_MATCH = YES;
				GCC_WARN_UNDECLARED_SELECTOR = YES;
				GCC_WARN_UNINITIALIZED_AUTOS = YES;
				GCC_WARN_UNUSED_VARIABLE = YES;
				IPHONEOS_DEPLOYMENT_TARGET = 7.0;
				OTHER_CFLAGS = "-DNS_BLOCK_ASSERTIONS=1";
				OTHER_LDFLAGS = "";
				RUN_CLANG_STATIC_ANALYZER = YES;
				SDKROOT = iphoneos;
			};
			name = Release;
		};
		34EBE3E513594F7B00A24C01 /* Debug */ = {
			isa = XCBuildConfiguration;
			baseConfigurationReference = 3C0413468ACF4A42A3A1EFD9 /* Pods.xcconfig */;
			buildSettings = {
				ALWAYS_SEARCH_USER_PATHS = NO;
				ASSETCATALOG_COMPILER_APPICON_NAME = AppIcon;
				ASSETCATALOG_COMPILER_LAUNCHIMAGE_NAME = LaunchImage;
				CLANG_ENABLE_OBJC_ARC = YES;
				CLANG_WARN_DEPRECATED_OBJC_IMPLEMENTATIONS = YES;
				CLANG_WARN_EMPTY_BODY = YES;
				CLANG_WARN_OBJC_IMPLICIT_ATOMIC_PROPERTIES = NO;
				CLANG_WARN_OBJC_MISSING_PROPERTY_SYNTHESIS = NO;
				COMPRESS_PNG_FILES = NO;
				COPY_PHASE_STRIP = NO;
				FRAMEWORK_SEARCH_PATHS = (
					"$(inherited)",
					"\"$(SRCROOT)/Mobile Wired/Classes\"",
				);
				GCC_DYNAMIC_NO_PIC = NO;
				GCC_PRECOMPILE_PREFIX_HEADER = YES;
				GCC_PREFIX_HEADER = "Mobile Wired/MobileWired-Prefix.pch";
				GCC_VERSION = "";
				GCC_WARN_MULTIPLE_DEFINITION_TYPES_FOR_SELECTOR = YES;
				GCC_WARN_STRICT_SELECTOR_MATCH = YES;
				GCC_WARN_UNDECLARED_SELECTOR = YES;
				INFOPLIST_FILE = "Mobile Wired/MobileWired-Info.plist";
				IPHONEOS_DEPLOYMENT_TARGET = 7.0;
				PRODUCT_NAME = "$(TARGET_NAME)";
				WRAPPER_EXTENSION = app;
			};
			name = Debug;
		};
		34EBE3E613594F7B00A24C01 /* Release */ = {
			isa = XCBuildConfiguration;
			baseConfigurationReference = 3C0413468ACF4A42A3A1EFD9 /* Pods.xcconfig */;
			buildSettings = {
				ALWAYS_SEARCH_USER_PATHS = NO;
				ASSETCATALOG_COMPILER_APPICON_NAME = AppIcon;
				ASSETCATALOG_COMPILER_LAUNCHIMAGE_NAME = LaunchImage;
				CLANG_ENABLE_OBJC_ARC = YES;
				CLANG_WARN_DEPRECATED_OBJC_IMPLEMENTATIONS = YES;
				CLANG_WARN_EMPTY_BODY = YES;
				CLANG_WARN_OBJC_IMPLICIT_ATOMIC_PROPERTIES = NO;
				CLANG_WARN_OBJC_MISSING_PROPERTY_SYNTHESIS = NO;
				COMPRESS_PNG_FILES = NO;
				COPY_PHASE_STRIP = NO;
				FRAMEWORK_SEARCH_PATHS = (
					"$(inherited)",
					"\"$(SRCROOT)/Mobile Wired/Classes\"",
				);
				GCC_PRECOMPILE_PREFIX_HEADER = YES;
				GCC_PREFIX_HEADER = "Mobile Wired/MobileWired-Prefix.pch";
				GCC_VERSION = "";
				GCC_WARN_MULTIPLE_DEFINITION_TYPES_FOR_SELECTOR = YES;
				GCC_WARN_STRICT_SELECTOR_MATCH = YES;
				GCC_WARN_UNDECLARED_SELECTOR = YES;
				INFOPLIST_FILE = "Mobile Wired/MobileWired-Info.plist";
				IPHONEOS_DEPLOYMENT_TARGET = 7.0;
				PRODUCT_NAME = "$(TARGET_NAME)";
				VALIDATE_PRODUCT = YES;
				WRAPPER_EXTENSION = app;
			};
			name = Release;
		};
/* End XCBuildConfiguration section */

/* Begin XCConfigurationList section */
		34EBE3B813594F7A00A24C01 /* Build configuration list for PBXProject "Mobile Wired" */ = {
			isa = XCConfigurationList;
			buildConfigurations = (
				34EBE3E213594F7B00A24C01 /* Debug */,
				34EBE3E313594F7B00A24C01 /* Release */,
			);
			defaultConfigurationIsVisible = 0;
			defaultConfigurationName = Release;
		};
		34EBE3E413594F7B00A24C01 /* Build configuration list for PBXNativeTarget "Mobile Wired" */ = {
			isa = XCConfigurationList;
			buildConfigurations = (
				34EBE3E513594F7B00A24C01 /* Debug */,
				34EBE3E613594F7B00A24C01 /* Release */,
			);
			defaultConfigurationIsVisible = 0;
			defaultConfigurationName = Release;
		};
/* End XCConfigurationList section */
	};
	rootObject = 34EBE3B513594F7A00A24C01 /* Project object */;
}
