// !$*UTF8*$!
{
	archiveVersion = 1;
	classes = {
	};
	objectVersion = 46;
	objects = {

/* Begin PBXBuildFile section */
		0D12846515BA501400CB6522 /* libTestFlight.a in Frameworks */ = {isa = PBXBuildFile; fileRef = 0D12846315BA501400CB6522 /* libTestFlight.a */; };
		0D6B66261606475E002F5710 /* WiredSpec_2.0b53.xml in Resources */ = {isa = PBXBuildFile; fileRef = 0D6B66251606475E002F5710 /* WiredSpec_2.0b53.xml */; };
		0D79DAD41805F883002F3249 /* Default-568h@2x.png in Resources */ = {isa = PBXBuildFile; fileRef = 0D79DAD31805F883002F3249 /* Default-568h@2x.png */; };
		0D895F53174B117400351954 /* alert-black-button.png in Resources */ = {isa = PBXBuildFile; fileRef = 0D895F49174B117400351954 /* alert-black-button.png */; };
		0D895F54174B117400351954 /* alert-black-button@2x.png in Resources */ = {isa = PBXBuildFile; fileRef = 0D895F4A174B117400351954 /* alert-black-button@2x.png */; };
		0D895F55174B117400351954 /* alert-gray-button.png in Resources */ = {isa = PBXBuildFile; fileRef = 0D895F4B174B117400351954 /* alert-gray-button.png */; };
		0D895F56174B117400351954 /* alert-gray-button@2x.png in Resources */ = {isa = PBXBuildFile; fileRef = 0D895F4C174B117400351954 /* alert-gray-button@2x.png */; };
		0D895F57174B117400351954 /* alert-red-button.png in Resources */ = {isa = PBXBuildFile; fileRef = 0D895F4D174B117400351954 /* alert-red-button.png */; };
		0D895F58174B117400351954 /* alert-red-button@2x.png in Resources */ = {isa = PBXBuildFile; fileRef = 0D895F4E174B117400351954 /* alert-red-button@2x.png */; };
		0D895F59174B117400351954 /* alert-window-landscape.png in Resources */ = {isa = PBXBuildFile; fileRef = 0D895F4F174B117400351954 /* alert-window-landscape.png */; };
		0D895F5A174B117400351954 /* alert-window-landscape@2x.png in Resources */ = {isa = PBXBuildFile; fileRef = 0D895F50174B117400351954 /* alert-window-landscape@2x.png */; };
		0D895F5B174B117400351954 /* alert-window.png in Resources */ = {isa = PBXBuildFile; fileRef = 0D895F51174B117400351954 /* alert-window.png */; };
		0D895F5C174B117400351954 /* alert-window@2x.png in Resources */ = {isa = PBXBuildFile; fileRef = 0D895F52174B117400351954 /* alert-window@2x.png */; };
		0DA7A76F15BA44B20013DDFB /* GrayDot.png in Resources */ = {isa = PBXBuildFile; fileRef = 0DA7A76515BA44AF0013DDFB /* GrayDot.png */; };
		0DA7A77015BA44B20013DDFB /* GrayDot@2x.png in Resources */ = {isa = PBXBuildFile; fileRef = 0DA7A76615BA44B00013DDFB /* GrayDot@2x.png */; };
		0DA7A77115BA44B20013DDFB /* GreenDot.png in Resources */ = {isa = PBXBuildFile; fileRef = 0DA7A76715BA44B00013DDFB /* GreenDot.png */; };
		0DA7A77215BA44B20013DDFB /* GreenDot@2x.png in Resources */ = {isa = PBXBuildFile; fileRef = 0DA7A76815BA44B00013DDFB /* GreenDot@2x.png */; };
		0DA7A77315BA44B20013DDFB /* OrangeDot.png in Resources */ = {isa = PBXBuildFile; fileRef = 0DA7A76915BA44B00013DDFB /* OrangeDot.png */; };
		0DA7A77415BA44B20013DDFB /* OrangeDot@2x.png in Resources */ = {isa = PBXBuildFile; fileRef = 0DA7A76A15BA44B10013DDFB /* OrangeDot@2x.png */; };
		0DA7A77515BA44B20013DDFB /* RedDot.png in Resources */ = {isa = PBXBuildFile; fileRef = 0DA7A76B15BA44B10013DDFB /* RedDot.png */; };
		0DA7A77615BA44B20013DDFB /* RedDot@2x.png in Resources */ = {isa = PBXBuildFile; fileRef = 0DA7A76C15BA44B10013DDFB /* RedDot@2x.png */; };
		0DA7A77715BA44B20013DDFB /* YellowDot.png in Resources */ = {isa = PBXBuildFile; fileRef = 0DA7A76D15BA44B10013DDFB /* YellowDot.png */; };
		0DA7A77815BA44B20013DDFB /* YellowDot@2x.png in Resources */ = {isa = PBXBuildFile; fileRef = 0DA7A76E15BA44B20013DDFB /* YellowDot@2x.png */; };
		0DA8B04C17277CFE008297ED /* QuartzCore.framework in Frameworks */ = {isa = PBXBuildFile; fileRef = 0DA8B04B17277CFE008297ED /* QuartzCore.framework */; };
		0DBD205C15B4D10B00D86B6C /* UIButton_Gray.png in Resources */ = {isa = PBXBuildFile; fileRef = 0DBD205615B4D10B00D86B6C /* UIButton_Gray.png */; };
		0DBD205D15B4D10B00D86B6C /* UIButton_Gray@2x.png in Resources */ = {isa = PBXBuildFile; fileRef = 0DBD205715B4D10B00D86B6C /* UIButton_Gray@2x.png */; };
		0DBD205E15B4D10B00D86B6C /* UIButton_Green.png in Resources */ = {isa = PBXBuildFile; fileRef = 0DBD205815B4D10B00D86B6C /* UIButton_Green.png */; };
		0DBD205F15B4D10B00D86B6C /* UIButton_Green@2x.png in Resources */ = {isa = PBXBuildFile; fileRef = 0DBD205915B4D10B00D86B6C /* UIButton_Green@2x.png */; };
		0DBD206015B4D10B00D86B6C /* UIButton_Red.png in Resources */ = {isa = PBXBuildFile; fileRef = 0DBD205A15B4D10B00D86B6C /* UIButton_Red.png */; };
		0DBD206115B4D10B00D86B6C /* UIButton_Red@2x.png in Resources */ = {isa = PBXBuildFile; fileRef = 0DBD205B15B4D10B00D86B6C /* UIButton_Red@2x.png */; };
		0DC0FE7615BBAD5C009610D1 /* Cog.png in Resources */ = {isa = PBXBuildFile; fileRef = 0DC0FE7515BBAD5C009610D1 /* Cog.png */; };
		0DC0FE7815BBADF0009610D1 /* Cog@2x.png in Resources */ = {isa = PBXBuildFile; fileRef = 0DC0FE7715BBADF0009610D1 /* Cog@2x.png */; };
		0DD4C0D715BCD8960030069F /* UserInfoViewController.m in Sources */ = {isa = PBXBuildFile; fileRef = 0DD4C0D515BCD8960030069F /* UserInfoViewController.m */; };
		0DD4C0DB15BCDA9E0030069F /* UserInfoView.xib in Resources */ = {isa = PBXBuildFile; fileRef = 0DD4C0D915BCDA9E0030069F /* UserInfoView.xib */; };
		0DD4C0DE15BCDAAB0030069F /* SettingsView.xib in Resources */ = {isa = PBXBuildFile; fileRef = 0DD4C0DC15BCDAAB0030069F /* SettingsView.xib */; };
		0DD4C0E115BCDAB60030069F /* BookmarkView.xib in Resources */ = {isa = PBXBuildFile; fileRef = 0DD4C0DF15BCDAB60030069F /* BookmarkView.xib */; };
		0DD4C0E415BCDAC80030069F /* DefaultView.xib in Resources */ = {isa = PBXBuildFile; fileRef = 0DD4C0E215BCDAC80030069F /* DefaultView.xib */; };
		0DEF007315BB922700289AEB /* BlockActionSheet.m in Sources */ = {isa = PBXBuildFile; fileRef = 0DEF006C15BB922700289AEB /* BlockActionSheet.m */; settings = {COMPILER_FLAGS = "-fno-objc-arc"; }; };
		0DEF007415BB922700289AEB /* BlockAlertView.m in Sources */ = {isa = PBXBuildFile; fileRef = 0DEF006E15BB922700289AEB /* BlockAlertView.m */; settings = {COMPILER_FLAGS = "-fno-objc-arc"; }; };
		0DEF007515BB922700289AEB /* BlockBackground.m in Sources */ = {isa = PBXBuildFile; fileRef = 0DEF007015BB922700289AEB /* BlockBackground.m */; settings = {COMPILER_FLAGS = "-fno-objc-arc"; }; };
		0DEF007615BB922700289AEB /* BlockTextPromptAlertView.m in Sources */ = {isa = PBXBuildFile; fileRef = 0DEF007215BB922700289AEB /* BlockTextPromptAlertView.m */; settings = {COMPILER_FLAGS = "-fno-objc-arc"; }; };
		0DEF009115BB937A00289AEB /* action-black-button-selected.png in Resources */ = {isa = PBXBuildFile; fileRef = 0DEF007A15BB937A00289AEB /* action-black-button-selected.png */; };
		0DEF009215BB937A00289AEB /* action-black-button-selected@2x.png in Resources */ = {isa = PBXBuildFile; fileRef = 0DEF007B15BB937A00289AEB /* action-black-button-selected@2x.png */; };
		0DEF009315BB937A00289AEB /* action-black-button.png in Resources */ = {isa = PBXBuildFile; fileRef = 0DEF007C15BB937A00289AEB /* action-black-button.png */; };
		0DEF009415BB937A00289AEB /* action-black-button@2x.png in Resources */ = {isa = PBXBuildFile; fileRef = 0DEF007D15BB937A00289AEB /* action-black-button@2x.png */; };
		0DEF009515BB937A00289AEB /* action-gray-button-selected.png in Resources */ = {isa = PBXBuildFile; fileRef = 0DEF007E15BB937A00289AEB /* action-gray-button-selected.png */; };
		0DEF009615BB937A00289AEB /* action-gray-button-selected@2x.png in Resources */ = {isa = PBXBuildFile; fileRef = 0DEF007F15BB937A00289AEB /* action-gray-button-selected@2x.png */; };
		0DEF009715BB937A00289AEB /* action-gray-button.png in Resources */ = {isa = PBXBuildFile; fileRef = 0DEF008015BB937A00289AEB /* action-gray-button.png */; };
		0DEF009815BB937A00289AEB /* action-gray-button@2x.png in Resources */ = {isa = PBXBuildFile; fileRef = 0DEF008115BB937A00289AEB /* action-gray-button@2x.png */; };
		0DEF009915BB937A00289AEB /* action-red-button-selected.png in Resources */ = {isa = PBXBuildFile; fileRef = 0DEF008215BB937A00289AEB /* action-red-button-selected.png */; };
		0DEF009A15BB937A00289AEB /* action-red-button-selected@2x.png in Resources */ = {isa = PBXBuildFile; fileRef = 0DEF008315BB937A00289AEB /* action-red-button-selected@2x.png */; };
		0DEF009B15BB937A00289AEB /* action-red-button.png in Resources */ = {isa = PBXBuildFile; fileRef = 0DEF008415BB937A00289AEB /* action-red-button.png */; };
		0DEF009C15BB937A00289AEB /* action-red-button@2x.png in Resources */ = {isa = PBXBuildFile; fileRef = 0DEF008515BB937A00289AEB /* action-red-button@2x.png */; };
		0DEF009D15BB937A00289AEB /* action-sheet-panel.png in Resources */ = {isa = PBXBuildFile; fileRef = 0DEF008615BB937A00289AEB /* action-sheet-panel.png */; };
		0DEF009E15BB937A00289AEB /* action-sheet-panel@2x.png in Resources */ = {isa = PBXBuildFile; fileRef = 0DEF008715BB937A00289AEB /* action-sheet-panel@2x.png */; };
		3439EC5F14F31D0A00362097 /* NSString+Base64.m in Sources */ = {isa = PBXBuildFile; fileRef = 3439EC5C14F31D0A00362097 /* NSString+Base64.m */; };
		3439EC6014F31D0A00362097 /* NSString+Hashes.m in Sources */ = {isa = PBXBuildFile; fileRef = 3439EC5E14F31D0A00362097 /* NSString+Hashes.m */; };
		3440CCFF136611B00046955F /* MobileWired@2x.png in Resources */ = {isa = PBXBuildFile; fileRef = 3440CCFE136611B00046955F /* MobileWired@2x.png */; };
		3440CD03136611EE0046955F /* MobileWired.png in Resources */ = {isa = PBXBuildFile; fileRef = 3440CD02136611EE0046955F /* MobileWired.png */; };
		3440CD05136613EF0046955F /* DefaultUserIcon.png in Resources */ = {isa = PBXBuildFile; fileRef = 3440CD04136613EF0046955F /* DefaultUserIcon.png */; };
		3451A4FC155F603F005C5662 /* WiredSpec_2.0b51.xml in Resources */ = {isa = PBXBuildFile; fileRef = 3451A4FA155F603F005C5662 /* WiredSpec_2.0b51.xml */; };
		3451A4FD155F603F005C5662 /* WiredSpec_2.0b55.xml in Resources */ = {isa = PBXBuildFile; fileRef = 3451A4FB155F603F005C5662 /* WiredSpec_2.0b55.xml */; };
		345FC70714F467C0004D2A7B /* TBXML.m in Sources */ = {isa = PBXBuildFile; fileRef = 345FC70614F467C0004D2A7B /* TBXML.m */; settings = {COMPILER_FLAGS = "-w -Xanalyzer -analyzer-disable-checker -fno-objc-arc"; }; };
		345FC70B14F468DC004D2A7B /* GCDAsyncSocket.m in Sources */ = {isa = PBXBuildFile; fileRef = 345FC70A14F468DC004D2A7B /* GCDAsyncSocket.m */; settings = {COMPILER_FLAGS = "-w -Xanalyzer -analyzer-disable-checker"; }; };
		3477029F135A026200F91A8B /* WiredConnection.m in Sources */ = {isa = PBXBuildFile; fileRef = 3477029E135A026200F91A8B /* WiredConnection.m */; };
		347B37FD15098D6500D88034 /* Checkmark.png in Resources */ = {isa = PBXBuildFile; fileRef = 347B37F915098D6500D88034 /* Checkmark.png */; };
		347B37FE15098D6500D88034 /* Checkmark@2x.png in Resources */ = {isa = PBXBuildFile; fileRef = 347B37FA15098D6500D88034 /* Checkmark@2x.png */; };
		347B37FF15098D6500D88034 /* Error.png in Resources */ = {isa = PBXBuildFile; fileRef = 347B37FB15098D6500D88034 /* Error.png */; };
		347B380015098D6500D88034 /* Error@2x.png in Resources */ = {isa = PBXBuildFile; fileRef = 347B37FC15098D6500D88034 /* Error@2x.png */; };
		3482C1A9155C6C5D00415794 /* Security.framework in Frameworks */ = {isa = PBXBuildFile; fileRef = 3482C1A8155C6C5D00415794 /* Security.framework */; };
		3482C1AA155C6C6E00415794 /* CFNetwork.framework in Frameworks */ = {isa = PBXBuildFile; fileRef = 34EBE43C1359690000A24C01 /* CFNetwork.framework */; };
		3482C1BA155C7E9200415794 /* BookmarkViewController.m in Sources */ = {isa = PBXBuildFile; fileRef = 3482C1B8155C7E9200415794 /* BookmarkViewController.m */; };
		34838FAA14F32BA80064B619 /* UserListViewController.m in Sources */ = {isa = PBXBuildFile; fileRef = 34838FA914F32BA80064B619 /* UserListViewController.m */; };
		34838FB014F32C640064B619 /* ServerListViewController.m in Sources */ = {isa = PBXBuildFile; fileRef = 34838FAE14F32C640064B619 /* ServerListViewController.m */; };
		34838FC314F3456D0064B619 /* ServerListView.xib in Resources */ = {isa = PBXBuildFile; fileRef = 34838FC114F3456D0064B619 /* ServerListView.xib */; };
		348F5C2514FC63A800F76AAC /* MBProgressHUD.m in Sources */ = {isa = PBXBuildFile; fileRef = 348F5C2414FC63A800F76AAC /* MBProgressHUD.m */; settings = {COMPILER_FLAGS = "-fno-objc-arc"; }; };
		34A5A0F0136B74270022272F /* Default.png in Resources */ = {isa = PBXBuildFile; fileRef = 34A5A0EE136B74270022272F /* Default.png */; };
		34A5A0F1136B74270022272F /* Default@2x.png in Resources */ = {isa = PBXBuildFile; fileRef = 34A5A0EF136B74270022272F /* Default@2x.png */; };
		34AEB777150D0201005F2B96 /* UserListTableViewCell.xib in Resources */ = {isa = PBXBuildFile; fileRef = 34AEB775150D0201005F2B96 /* UserListTableViewCell.xib */; };
		34AEB77A150D0210005F2B96 /* UserListTableViewCell.m in Sources */ = {isa = PBXBuildFile; fileRef = 34AEB779150D0210005F2B96 /* UserListTableViewCell.m */; };
		34AEB77D150D02D6005F2B96 /* ServerListTableViewCell.m in Sources */ = {isa = PBXBuildFile; fileRef = 34AEB77C150D02D6005F2B96 /* ServerListTableViewCell.m */; };
		34AEB780150D03E0005F2B96 /* ServerListTableViewCell.xib in Resources */ = {isa = PBXBuildFile; fileRef = 34AEB77E150D03E0005F2B96 /* ServerListTableViewCell.xib */; };
		34CBE9A41505AF49000FBF2C /* Default.mp3 in Resources */ = {isa = PBXBuildFile; fileRef = 34CBE9A31505AF49000FBF2C /* Default.mp3 */; };
		34D464D615561BB600856E46 /* SettingsViewController.m in Sources */ = {isa = PBXBuildFile; fileRef = 34D464D415561BB600856E46 /* SettingsViewController.m */; };
		34EBE3C313594F7B00A24C01 /* UIKit.framework in Frameworks */ = {isa = PBXBuildFile; fileRef = 34EBE3C213594F7B00A24C01 /* UIKit.framework */; };
		34EBE3C513594F7B00A24C01 /* Foundation.framework in Frameworks */ = {isa = PBXBuildFile; fileRef = 34EBE3C413594F7B00A24C01 /* Foundation.framework */; };
		34EBE3C713594F7B00A24C01 /* CoreGraphics.framework in Frameworks */ = {isa = PBXBuildFile; fileRef = 34EBE3C613594F7B00A24C01 /* CoreGraphics.framework */; };
		34EBE3D213594F7B00A24C01 /* main.m in Sources */ = {isa = PBXBuildFile; fileRef = 34EBE3D113594F7B00A24C01 /* main.m */; };
		34EBE402135951A700A24C01 /* InfoPlist.strings in Resources */ = {isa = PBXBuildFile; fileRef = 34EBE3FC135951A700A24C01 /* InfoPlist.strings */; };
		34EBE403135951A700A24C01 /* MainWindow.xib in Resources */ = {isa = PBXBuildFile; fileRef = 34EBE3FE135951A700A24C01 /* MainWindow.xib */; };
		34EBE4211359565100A24C01 /* ChatView.xib in Resources */ = {isa = PBXBuildFile; fileRef = 34EBE41B1359565100A24C01 /* ChatView.xib */; };
		34EBE4231359565100A24C01 /* UserListView.xib in Resources */ = {isa = PBXBuildFile; fileRef = 34EBE41F1359565100A24C01 /* UserListView.xib */; };
		34EBE42A1359569B00A24C01 /* AppDelegate.m in Sources */ = {isa = PBXBuildFile; fileRef = 34EBE4251359569B00A24C01 /* AppDelegate.m */; };
		34EBE42B1359569B00A24C01 /* ChatViewController.m in Sources */ = {isa = PBXBuildFile; fileRef = 34EBE4271359569B00A24C01 /* ChatViewController.m */; };
		34EC1153150AD1730015B2CD /* Users.png in Resources */ = {isa = PBXBuildFile; fileRef = 34EC1151150AD1730015B2CD /* Users.png */; };
		34EC1154150AD1730015B2CD /* Users@2x.png in Resources */ = {isa = PBXBuildFile; fileRef = 34EC1152150AD1730015B2CD /* Users@2x.png */; };
		34FB815E14F71FDE001780E4 /* IIViewDeckController.m in Sources */ = {isa = PBXBuildFile; fileRef = 34FB815D14F71FDE001780E4 /* IIViewDeckController.m */; settings = {COMPILER_FLAGS = "-w -Xanalyzer -analyzer-disable-checker"; }; };
		34FC5C8D135BB3430049C737 /* libz.dylib in Frameworks */ = {isa = PBXBuildFile; fileRef = 34FC5C8C135BB3430049C737 /* libz.dylib */; };
/* End PBXBuildFile section */

/* Begin PBXFileReference section */
		0D12846315BA501400CB6522 /* libTestFlight.a */ = {isa = PBXFileReference; lastKnownFileType = archive.ar; name = libTestFlight.a; path = "Mobile Wired/Classes/TestFlight/libTestFlight.a"; sourceTree = "<group>"; };
		0D12846415BA501400CB6522 /* TestFlight.h */ = {isa = PBXFileReference; fileEncoding = 4; lastKnownFileType = sourcecode.c.h; name = TestFlight.h; path = "Mobile Wired/Classes/TestFlight/TestFlight.h"; sourceTree = "<group>"; };
		0D12846615BA54C700CB6522 /* TestFlightTokens.h */ = {isa = PBXFileReference; lastKnownFileType = sourcecode.c.h; path = TestFlightTokens.h; sourceTree = "<group>"; };
		0D6B66251606475E002F5710 /* WiredSpec_2.0b53.xml */ = {isa = PBXFileReference; fileEncoding = 4; lastKnownFileType = text.xml; name = WiredSpec_2.0b53.xml; path = Resources/WiredSpec_2.0b53.xml; sourceTree = "<group>"; };
		0D79DAD31805F883002F3249 /* Default-568h@2x.png */ = {isa = PBXFileReference; lastKnownFileType = image.png; name = "Default-568h@2x.png"; path = "Mobile Wired/Resources/Images/Default-568h@2x.png"; sourceTree = SOURCE_ROOT; };
		0D895F49174B117400351954 /* alert-black-button.png */ = {isa = PBXFileReference; lastKnownFileType = image.png; name = "alert-black-button.png"; path = "Mobile Wired/Resources/Images/alert-black-button.png"; sourceTree = SOURCE_ROOT; };
		0D895F4A174B117400351954 /* alert-black-button@2x.png */ = {isa = PBXFileReference; lastKnownFileType = image.png; name = "alert-black-button@2x.png"; path = "Mobile Wired/Resources/Images/alert-black-button@2x.png"; sourceTree = SOURCE_ROOT; };
		0D895F4B174B117400351954 /* alert-gray-button.png */ = {isa = PBXFileReference; lastKnownFileType = image.png; name = "alert-gray-button.png"; path = "Mobile Wired/Resources/Images/alert-gray-button.png"; sourceTree = SOURCE_ROOT; };
		0D895F4C174B117400351954 /* alert-gray-button@2x.png */ = {isa = PBXFileReference; lastKnownFileType = image.png; name = "alert-gray-button@2x.png"; path = "Mobile Wired/Resources/Images/alert-gray-button@2x.png"; sourceTree = SOURCE_ROOT; };
		0D895F4D174B117400351954 /* alert-red-button.png */ = {isa = PBXFileReference; lastKnownFileType = image.png; name = "alert-red-button.png"; path = "Mobile Wired/Resources/Images/alert-red-button.png"; sourceTree = SOURCE_ROOT; };
		0D895F4E174B117400351954 /* alert-red-button@2x.png */ = {isa = PBXFileReference; lastKnownFileType = image.png; name = "alert-red-button@2x.png"; path = "Mobile Wired/Resources/Images/alert-red-button@2x.png"; sourceTree = SOURCE_ROOT; };
		0D895F4F174B117400351954 /* alert-window-landscape.png */ = {isa = PBXFileReference; lastKnownFileType = image.png; name = "alert-window-landscape.png"; path = "Mobile Wired/Resources/Images/alert-window-landscape.png"; sourceTree = SOURCE_ROOT; };
		0D895F50174B117400351954 /* alert-window-landscape@2x.png */ = {isa = PBXFileReference; lastKnownFileType = image.png; name = "alert-window-landscape@2x.png"; path = "Mobile Wired/Resources/Images/alert-window-landscape@2x.png"; sourceTree = SOURCE_ROOT; };
		0D895F51174B117400351954 /* alert-window.png */ = {isa = PBXFileReference; lastKnownFileType = image.png; name = "alert-window.png"; path = "Mobile Wired/Resources/Images/alert-window.png"; sourceTree = SOURCE_ROOT; };
		0D895F52174B117400351954 /* alert-window@2x.png */ = {isa = PBXFileReference; lastKnownFileType = image.png; name = "alert-window@2x.png"; path = "Mobile Wired/Resources/Images/alert-window@2x.png"; sourceTree = SOURCE_ROOT; };
		0DA7A76515BA44AF0013DDFB /* GrayDot.png */ = {isa = PBXFileReference; lastKnownFileType = image.png; name = GrayDot.png; path = "Mobile Wired/Resources/Images/GrayDot.png"; sourceTree = SOURCE_ROOT; };
		0DA7A76615BA44B00013DDFB /* GrayDot@2x.png */ = {isa = PBXFileReference; lastKnownFileType = image.png; name = "GrayDot@2x.png"; path = "Mobile Wired/Resources/Images/GrayDot@2x.png"; sourceTree = SOURCE_ROOT; };
		0DA7A76715BA44B00013DDFB /* GreenDot.png */ = {isa = PBXFileReference; lastKnownFileType = image.png; name = GreenDot.png; path = "Mobile Wired/Resources/Images/GreenDot.png"; sourceTree = SOURCE_ROOT; };
		0DA7A76815BA44B00013DDFB /* GreenDot@2x.png */ = {isa = PBXFileReference; lastKnownFileType = image.png; name = "GreenDot@2x.png"; path = "Mobile Wired/Resources/Images/GreenDot@2x.png"; sourceTree = SOURCE_ROOT; };
		0DA7A76915BA44B00013DDFB /* OrangeDot.png */ = {isa = PBXFileReference; lastKnownFileType = image.png; name = OrangeDot.png; path = "Mobile Wired/Resources/Images/OrangeDot.png"; sourceTree = SOURCE_ROOT; };
		0DA7A76A15BA44B10013DDFB /* OrangeDot@2x.png */ = {isa = PBXFileReference; lastKnownFileType = image.png; name = "OrangeDot@2x.png"; path = "Mobile Wired/Resources/Images/OrangeDot@2x.png"; sourceTree = SOURCE_ROOT; };
		0DA7A76B15BA44B10013DDFB /* RedDot.png */ = {isa = PBXFileReference; lastKnownFileType = image.png; name = RedDot.png; path = "Mobile Wired/Resources/Images/RedDot.png"; sourceTree = SOURCE_ROOT; };
		0DA7A76C15BA44B10013DDFB /* RedDot@2x.png */ = {isa = PBXFileReference; lastKnownFileType = image.png; name = "RedDot@2x.png"; path = "Mobile Wired/Resources/Images/RedDot@2x.png"; sourceTree = SOURCE_ROOT; };
		0DA7A76D15BA44B10013DDFB /* YellowDot.png */ = {isa = PBXFileReference; lastKnownFileType = image.png; name = YellowDot.png; path = "Mobile Wired/Resources/Images/YellowDot.png"; sourceTree = SOURCE_ROOT; };
		0DA7A76E15BA44B20013DDFB /* YellowDot@2x.png */ = {isa = PBXFileReference; lastKnownFileType = image.png; name = "YellowDot@2x.png"; path = "Mobile Wired/Resources/Images/YellowDot@2x.png"; sourceTree = SOURCE_ROOT; };
		0DA8B04B17277CFE008297ED /* QuartzCore.framework */ = {isa = PBXFileReference; lastKnownFileType = wrapper.framework; name = QuartzCore.framework; path = System/Library/Frameworks/QuartzCore.framework; sourceTree = SDKROOT; };
		0DBD205615B4D10B00D86B6C /* UIButton_Gray.png */ = {isa = PBXFileReference; lastKnownFileType = image.png; name = UIButton_Gray.png; path = "Mobile Wired/Resources/Images/UIButton_Gray.png"; sourceTree = SOURCE_ROOT; };
		0DBD205715B4D10B00D86B6C /* UIButton_Gray@2x.png */ = {isa = PBXFileReference; lastKnownFileType = image.png; name = "UIButton_Gray@2x.png"; path = "Mobile Wired/Resources/Images/UIButton_Gray@2x.png"; sourceTree = SOURCE_ROOT; };
		0DBD205815B4D10B00D86B6C /* UIButton_Green.png */ = {isa = PBXFileReference; lastKnownFileType = image.png; name = UIButton_Green.png; path = "Mobile Wired/Resources/Images/UIButton_Green.png"; sourceTree = SOURCE_ROOT; };
		0DBD205915B4D10B00D86B6C /* UIButton_Green@2x.png */ = {isa = PBXFileReference; lastKnownFileType = image.png; name = "UIButton_Green@2x.png"; path = "Mobile Wired/Resources/Images/UIButton_Green@2x.png"; sourceTree = SOURCE_ROOT; };
		0DBD205A15B4D10B00D86B6C /* UIButton_Red.png */ = {isa = PBXFileReference; lastKnownFileType = image.png; name = UIButton_Red.png; path = "Mobile Wired/Resources/Images/UIButton_Red.png"; sourceTree = SOURCE_ROOT; };
		0DBD205B15B4D10B00D86B6C /* UIButton_Red@2x.png */ = {isa = PBXFileReference; lastKnownFileType = image.png; name = "UIButton_Red@2x.png"; path = "Mobile Wired/Resources/Images/UIButton_Red@2x.png"; sourceTree = SOURCE_ROOT; };
		0DC0FE6015BB991C009610D1 /* BlockUI.h */ = {isa = PBXFileReference; fileEncoding = 4; lastKnownFileType = sourcecode.c.h; name = BlockUI.h; path = Classes/BlockUI.h; sourceTree = "<group>"; };
		0DC0FE7515BBAD5C009610D1 /* Cog.png */ = {isa = PBXFileReference; lastKnownFileType = image.png; name = Cog.png; path = "Mobile Wired/Resources/Images/Cog.png"; sourceTree = SOURCE_ROOT; };
		0DC0FE7715BBADF0009610D1 /* Cog@2x.png */ = {isa = PBXFileReference; lastKnownFileType = image.png; name = "Cog@2x.png"; path = "../Images/Cog@2x.png"; sourceTree = "<group>"; };
		0DD4C0D415BCD8960030069F /* UserInfoViewController.h */ = {isa = PBXFileReference; fileEncoding = 4; lastKnownFileType = sourcecode.c.h; name = UserInfoViewController.h; path = Classes/UserInfoViewController.h; sourceTree = "<group>"; };
		0DD4C0D515BCD8960030069F /* UserInfoViewController.m */ = {isa = PBXFileReference; fileEncoding = 4; lastKnownFileType = sourcecode.c.objc; name = UserInfoViewController.m; path = Classes/UserInfoViewController.m; sourceTree = "<group>"; };
		0DD4C0DA15BCDA9E0030069F /* en */ = {isa = PBXFileReference; lastKnownFileType = file.xib; name = en; path = Resources/en.lproj/UserInfoView.xib; sourceTree = "<group>"; };
		0DD4C0DD15BCDAAB0030069F /* en */ = {isa = PBXFileReference; lastKnownFileType = file.xib; name = en; path = Resources/en.lproj/SettingsView.xib; sourceTree = "<group>"; };
		0DD4C0E015BCDAB60030069F /* en */ = {isa = PBXFileReference; lastKnownFileType = file.xib; name = en; path = Resources/en.lproj/BookmarkView.xib; sourceTree = "<group>"; };
		0DD4C0E315BCDAC80030069F /* en */ = {isa = PBXFileReference; lastKnownFileType = file.xib; name = en; path = DefaultView.xib; sourceTree = "<group>"; };
		0DEF006B15BB922700289AEB /* BlockActionSheet.h */ = {isa = PBXFileReference; fileEncoding = 4; lastKnownFileType = sourcecode.c.h; name = BlockActionSheet.h; path = Classes/BlockAlerts/BlockAlertsDemo/ToAddToYourProjects/BlockActionSheet.h; sourceTree = "<group>"; };
		0DEF006C15BB922700289AEB /* BlockActionSheet.m */ = {isa = PBXFileReference; fileEncoding = 4; lastKnownFileType = sourcecode.c.objc; name = BlockActionSheet.m; path = Classes/BlockAlerts/BlockAlertsDemo/ToAddToYourProjects/BlockActionSheet.m; sourceTree = "<group>"; };
		0DEF006D15BB922700289AEB /* BlockAlertView.h */ = {isa = PBXFileReference; fileEncoding = 4; lastKnownFileType = sourcecode.c.h; name = BlockAlertView.h; path = Classes/BlockAlerts/BlockAlertsDemo/ToAddToYourProjects/BlockAlertView.h; sourceTree = "<group>"; };
		0DEF006E15BB922700289AEB /* BlockAlertView.m */ = {isa = PBXFileReference; fileEncoding = 4; lastKnownFileType = sourcecode.c.objc; name = BlockAlertView.m; path = Classes/BlockAlerts/BlockAlertsDemo/ToAddToYourProjects/BlockAlertView.m; sourceTree = "<group>"; };
		0DEF006F15BB922700289AEB /* BlockBackground.h */ = {isa = PBXFileReference; fileEncoding = 4; lastKnownFileType = sourcecode.c.h; name = BlockBackground.h; path = Classes/BlockAlerts/BlockAlertsDemo/ToAddToYourProjects/BlockBackground.h; sourceTree = "<group>"; };
		0DEF007015BB922700289AEB /* BlockBackground.m */ = {isa = PBXFileReference; fileEncoding = 4; lastKnownFileType = sourcecode.c.objc; name = BlockBackground.m; path = Classes/BlockAlerts/BlockAlertsDemo/ToAddToYourProjects/BlockBackground.m; sourceTree = "<group>"; };
		0DEF007115BB922700289AEB /* BlockTextPromptAlertView.h */ = {isa = PBXFileReference; fileEncoding = 4; lastKnownFileType = sourcecode.c.h; name = BlockTextPromptAlertView.h; path = Classes/BlockAlerts/BlockAlertsDemo/ToAddToYourProjects/BlockTextPromptAlertView.h; sourceTree = "<group>"; };
		0DEF007215BB922700289AEB /* BlockTextPromptAlertView.m */ = {isa = PBXFileReference; fileEncoding = 4; lastKnownFileType = sourcecode.c.objc; name = BlockTextPromptAlertView.m; path = Classes/BlockAlerts/BlockAlertsDemo/ToAddToYourProjects/BlockTextPromptAlertView.m; sourceTree = "<group>"; };
		0DEF007A15BB937A00289AEB /* action-black-button-selected.png */ = {isa = PBXFileReference; lastKnownFileType = image.png; path = "action-black-button-selected.png"; sourceTree = "<group>"; };
		0DEF007B15BB937A00289AEB /* action-black-button-selected@2x.png */ = {isa = PBXFileReference; lastKnownFileType = image.png; path = "action-black-button-selected@2x.png"; sourceTree = "<group>"; };
		0DEF007C15BB937A00289AEB /* action-black-button.png */ = {isa = PBXFileReference; lastKnownFileType = image.png; path = "action-black-button.png"; sourceTree = "<group>"; };
		0DEF007D15BB937A00289AEB /* action-black-button@2x.png */ = {isa = PBXFileReference; lastKnownFileType = image.png; path = "action-black-button@2x.png"; sourceTree = "<group>"; };
		0DEF007E15BB937A00289AEB /* action-gray-button-selected.png */ = {isa = PBXFileReference; lastKnownFileType = image.png; path = "action-gray-button-selected.png"; sourceTree = "<group>"; };
		0DEF007F15BB937A00289AEB /* action-gray-button-selected@2x.png */ = {isa = PBXFileReference; lastKnownFileType = image.png; path = "action-gray-button-selected@2x.png"; sourceTree = "<group>"; };
		0DEF008015BB937A00289AEB /* action-gray-button.png */ = {isa = PBXFileReference; lastKnownFileType = image.png; path = "action-gray-button.png"; sourceTree = "<group>"; };
		0DEF008115BB937A00289AEB /* action-gray-button@2x.png */ = {isa = PBXFileReference; lastKnownFileType = image.png; path = "action-gray-button@2x.png"; sourceTree = "<group>"; };
		0DEF008215BB937A00289AEB /* action-red-button-selected.png */ = {isa = PBXFileReference; lastKnownFileType = image.png; path = "action-red-button-selected.png"; sourceTree = "<group>"; };
		0DEF008315BB937A00289AEB /* action-red-button-selected@2x.png */ = {isa = PBXFileReference; lastKnownFileType = image.png; path = "action-red-button-selected@2x.png"; sourceTree = "<group>"; };
		0DEF008415BB937A00289AEB /* action-red-button.png */ = {isa = PBXFileReference; lastKnownFileType = image.png; path = "action-red-button.png"; sourceTree = "<group>"; };
		0DEF008515BB937A00289AEB /* action-red-button@2x.png */ = {isa = PBXFileReference; lastKnownFileType = image.png; path = "action-red-button@2x.png"; sourceTree = "<group>"; };
		0DEF008615BB937A00289AEB /* action-sheet-panel.png */ = {isa = PBXFileReference; lastKnownFileType = image.png; path = "action-sheet-panel.png"; sourceTree = "<group>"; };
		0DEF008715BB937A00289AEB /* action-sheet-panel@2x.png */ = {isa = PBXFileReference; lastKnownFileType = image.png; path = "action-sheet-panel@2x.png"; sourceTree = "<group>"; };
		3431FF5F136C93ED00EDB8D8 /* Roadmap.md */ = {isa = PBXFileReference; lastKnownFileType = text; path = Roadmap.md; sourceTree = "<group>"; };
		3439EC5B14F31D0A00362097 /* NSString+Base64.h */ = {isa = PBXFileReference; fileEncoding = 4; lastKnownFileType = sourcecode.c.h; name = "NSString+Base64.h"; path = "Mobile Wired/Classes/Categories/NSString+Base64.h"; sourceTree = "<group>"; };
		3439EC5C14F31D0A00362097 /* NSString+Base64.m */ = {isa = PBXFileReference; fileEncoding = 4; lastKnownFileType = sourcecode.c.objc; name = "NSString+Base64.m"; path = "Mobile Wired/Classes/Categories/NSString+Base64.m"; sourceTree = "<group>"; };
		3439EC5D14F31D0A00362097 /* NSString+Hashes.h */ = {isa = PBXFileReference; fileEncoding = 4; lastKnownFileType = sourcecode.c.h; name = "NSString+Hashes.h"; path = "Mobile Wired/Classes/Categories/NSString+Hashes.h"; sourceTree = "<group>"; };
		3439EC5E14F31D0A00362097 /* NSString+Hashes.m */ = {isa = PBXFileReference; fileEncoding = 4; lastKnownFileType = sourcecode.c.objc; name = "NSString+Hashes.m"; path = "Mobile Wired/Classes/Categories/NSString+Hashes.m"; sourceTree = "<group>"; };
		3440CCFE136611B00046955F /* MobileWired@2x.png */ = {isa = PBXFileReference; lastKnownFileType = image.png; name = "MobileWired@2x.png"; path = "Mobile Wired/Resources/Images/MobileWired@2x.png"; sourceTree = SOURCE_ROOT; };
		3440CD02136611EE0046955F /* MobileWired.png */ = {isa = PBXFileReference; lastKnownFileType = image.png; name = MobileWired.png; path = "Mobile Wired/Resources/Images/MobileWired.png"; sourceTree = SOURCE_ROOT; };
		3440CD04136613EF0046955F /* DefaultUserIcon.png */ = {isa = PBXFileReference; lastKnownFileType = image.png; name = DefaultUserIcon.png; path = "Mobile Wired/Resources/Images/DefaultUserIcon.png"; sourceTree = SOURCE_ROOT; };
		3451A4FA155F603F005C5662 /* WiredSpec_2.0b51.xml */ = {isa = PBXFileReference; fileEncoding = 4; lastKnownFileType = text.xml; name = WiredSpec_2.0b51.xml; path = Resources/WiredSpec_2.0b51.xml; sourceTree = "<group>"; };
		3451A4FB155F603F005C5662 /* WiredSpec_2.0b55.xml */ = {isa = PBXFileReference; fileEncoding = 4; lastKnownFileType = text.xml; name = WiredSpec_2.0b55.xml; path = Resources/WiredSpec_2.0b55.xml; sourceTree = "<group>"; };
		345FC70614F467C0004D2A7B /* TBXML.m */ = {isa = PBXFileReference; fileEncoding = 4; lastKnownFileType = sourcecode.c.objc; name = TBXML.m; path = "TBXML-Code/TBXML.m"; sourceTree = "<group>"; };
		345FC70814F467E1004D2A7B /* TBXML.h */ = {isa = PBXFileReference; fileEncoding = 4; lastKnownFileType = sourcecode.c.h; name = TBXML.h; path = "TBXML-Headers/TBXML.h"; sourceTree = "<group>"; };
		345FC70914F468DC004D2A7B /* GCDAsyncSocket.h */ = {isa = PBXFileReference; fileEncoding = 4; lastKnownFileType = sourcecode.c.h; name = GCDAsyncSocket.h; path = GCD/GCDAsyncSocket.h; sourceTree = "<group>"; };
		345FC70A14F468DC004D2A7B /* GCDAsyncSocket.m */ = {isa = PBXFileReference; fileEncoding = 4; lastKnownFileType = sourcecode.c.objc; name = GCDAsyncSocket.m; path = GCD/GCDAsyncSocket.m; sourceTree = "<group>"; };
		3477029D135A026100F91A8B /* WiredConnection.h */ = {isa = PBXFileReference; fileEncoding = 4; lastKnownFileType = sourcecode.c.h; name = WiredConnection.h; path = Classes/WiredConnection.h; sourceTree = "<group>"; };
		3477029E135A026200F91A8B /* WiredConnection.m */ = {isa = PBXFileReference; fileEncoding = 4; lastKnownFileType = sourcecode.c.objc; name = WiredConnection.m; path = Classes/WiredConnection.m; sourceTree = "<group>"; };
		347B37F915098D6500D88034 /* Checkmark.png */ = {isa = PBXFileReference; lastKnownFileType = image.png; name = Checkmark.png; path = "Mobile Wired/Resources/Images/Checkmark.png"; sourceTree = SOURCE_ROOT; };
		347B37FA15098D6500D88034 /* Checkmark@2x.png */ = {isa = PBXFileReference; lastKnownFileType = image.png; name = "Checkmark@2x.png"; path = "Mobile Wired/Resources/Images/Checkmark@2x.png"; sourceTree = SOURCE_ROOT; };
		347B37FB15098D6500D88034 /* Error.png */ = {isa = PBXFileReference; lastKnownFileType = image.png; name = Error.png; path = "Mobile Wired/Resources/Images/Error.png"; sourceTree = SOURCE_ROOT; };
		347B37FC15098D6500D88034 /* Error@2x.png */ = {isa = PBXFileReference; lastKnownFileType = image.png; name = "Error@2x.png"; path = "Mobile Wired/Resources/Images/Error@2x.png"; sourceTree = SOURCE_ROOT; };
		3482C1A8155C6C5D00415794 /* Security.framework */ = {isa = PBXFileReference; lastKnownFileType = wrapper.framework; name = Security.framework; path = System/Library/Frameworks/Security.framework; sourceTree = SDKROOT; };
		3482C1B7155C7E9200415794 /* BookmarkViewController.h */ = {isa = PBXFileReference; fileEncoding = 4; lastKnownFileType = sourcecode.c.h; name = BookmarkViewController.h; path = Classes/BookmarkViewController.h; sourceTree = "<group>"; };
		3482C1B8155C7E9200415794 /* BookmarkViewController.m */ = {isa = PBXFileReference; fileEncoding = 4; lastKnownFileType = sourcecode.c.objc; name = BookmarkViewController.m; path = Classes/BookmarkViewController.m; sourceTree = "<group>"; };
		34838FA814F32BA80064B619 /* UserListViewController.h */ = {isa = PBXFileReference; fileEncoding = 4; lastKnownFileType = sourcecode.c.h; name = UserListViewController.h; path = Classes/UserListViewController.h; sourceTree = "<group>"; };
		34838FA914F32BA80064B619 /* UserListViewController.m */ = {isa = PBXFileReference; fileEncoding = 4; lastKnownFileType = sourcecode.c.objc; name = UserListViewController.m; path = Classes/UserListViewController.m; sourceTree = "<group>"; };
		34838FAD14F32C640064B619 /* ServerListViewController.h */ = {isa = PBXFileReference; fileEncoding = 4; lastKnownFileType = sourcecode.c.h; name = ServerListViewController.h; path = Classes/ServerListViewController.h; sourceTree = "<group>"; };
		34838FAE14F32C640064B619 /* ServerListViewController.m */ = {isa = PBXFileReference; fileEncoding = 4; lastKnownFileType = sourcecode.c.objc; name = ServerListViewController.m; path = Classes/ServerListViewController.m; sourceTree = "<group>"; };
		34838FC214F3456D0064B619 /* en */ = {isa = PBXFileReference; lastKnownFileType = file.xib; name = en; path = ServerListView.xib; sourceTree = "<group>"; };
		348F5C2314FC63A800F76AAC /* MBProgressHUD.h */ = {isa = PBXFileReference; fileEncoding = 4; lastKnownFileType = sourcecode.c.h; name = MBProgressHUD.h; path = Classes/MBProgressHUD/MBProgressHUD.h; sourceTree = "<group>"; };
		348F5C2414FC63A800F76AAC /* MBProgressHUD.m */ = {isa = PBXFileReference; fileEncoding = 4; lastKnownFileType = sourcecode.c.objc; name = MBProgressHUD.m; path = Classes/MBProgressHUD/MBProgressHUD.m; sourceTree = "<group>"; };
		34A5A0EE136B74270022272F /* Default.png */ = {isa = PBXFileReference; lastKnownFileType = image.png; name = Default.png; path = "Mobile Wired/Resources/Images/Default.png"; sourceTree = SOURCE_ROOT; };
		34A5A0EF136B74270022272F /* Default@2x.png */ = {isa = PBXFileReference; lastKnownFileType = image.png; name = "Default@2x.png"; path = "Mobile Wired/Resources/Images/Default@2x.png"; sourceTree = SOURCE_ROOT; };
		34AEB776150D0201005F2B96 /* en */ = {isa = PBXFileReference; lastKnownFileType = file.xib; name = en; path = UserListTableViewCell.xib; sourceTree = "<group>"; };
		34AEB778150D0210005F2B96 /* UserListTableViewCell.h */ = {isa = PBXFileReference; fileEncoding = 4; lastKnownFileType = sourcecode.c.h; name = UserListTableViewCell.h; path = Classes/UserListTableViewCell.h; sourceTree = "<group>"; };
		34AEB779150D0210005F2B96 /* UserListTableViewCell.m */ = {isa = PBXFileReference; fileEncoding = 4; lastKnownFileType = sourcecode.c.objc; name = UserListTableViewCell.m; path = Classes/UserListTableViewCell.m; sourceTree = "<group>"; };
		34AEB77B150D02D6005F2B96 /* ServerListTableViewCell.h */ = {isa = PBXFileReference; fileEncoding = 4; lastKnownFileType = sourcecode.c.h; name = ServerListTableViewCell.h; path = Classes/ServerListTableViewCell.h; sourceTree = "<group>"; };
		34AEB77C150D02D6005F2B96 /* ServerListTableViewCell.m */ = {isa = PBXFileReference; fileEncoding = 4; lastKnownFileType = sourcecode.c.objc; name = ServerListTableViewCell.m; path = Classes/ServerListTableViewCell.m; sourceTree = "<group>"; };
		34AEB77F150D03E0005F2B96 /* en */ = {isa = PBXFileReference; lastKnownFileType = file.xib; name = en; path = ServerListTableViewCell.xib; sourceTree = "<group>"; };
		34CBE9A31505AF49000FBF2C /* Default.mp3 */ = {isa = PBXFileReference; lastKnownFileType = audio.mp3; path = Default.mp3; sourceTree = "<group>"; };
		34D464D315561BB600856E46 /* SettingsViewController.h */ = {isa = PBXFileReference; fileEncoding = 4; lastKnownFileType = sourcecode.c.h; name = SettingsViewController.h; path = Classes/SettingsViewController.h; sourceTree = "<group>"; };
		34D464D415561BB600856E46 /* SettingsViewController.m */ = {isa = PBXFileReference; fileEncoding = 4; lastKnownFileType = sourcecode.c.objc; name = SettingsViewController.m; path = Classes/SettingsViewController.m; sourceTree = "<group>"; };
		34EBE3BE13594F7B00A24C01 /* Mobile Wired.app */ = {isa = PBXFileReference; explicitFileType = wrapper.application; includeInIndex = 0; path = "Mobile Wired.app"; sourceTree = BUILT_PRODUCTS_DIR; };
		34EBE3C213594F7B00A24C01 /* UIKit.framework */ = {isa = PBXFileReference; lastKnownFileType = wrapper.framework; name = UIKit.framework; path = System/Library/Frameworks/UIKit.framework; sourceTree = SDKROOT; };
		34EBE3C413594F7B00A24C01 /* Foundation.framework */ = {isa = PBXFileReference; lastKnownFileType = wrapper.framework; name = Foundation.framework; path = System/Library/Frameworks/Foundation.framework; sourceTree = SDKROOT; };
		34EBE3C613594F7B00A24C01 /* CoreGraphics.framework */ = {isa = PBXFileReference; lastKnownFileType = wrapper.framework; name = CoreGraphics.framework; path = System/Library/Frameworks/CoreGraphics.framework; sourceTree = SDKROOT; };
		34EBE3D113594F7B00A24C01 /* main.m */ = {isa = PBXFileReference; lastKnownFileType = sourcecode.c.objc; path = main.m; sourceTree = "<group>"; };
		34EBE3F61359515F00A24C01 /* MobileWired-Info.plist */ = {isa = PBXFileReference; fileEncoding = 4; lastKnownFileType = text.plist.xml; path = "MobileWired-Info.plist"; sourceTree = "<group>"; };
		34EBE3F71359515F00A24C01 /* MobileWired-Prefix.pch */ = {isa = PBXFileReference; fileEncoding = 4; lastKnownFileType = sourcecode.c.h; path = "MobileWired-Prefix.pch"; sourceTree = "<group>"; };
		34EBE3FD135951A700A24C01 /* en */ = {isa = PBXFileReference; lastKnownFileType = text.plist.strings; name = en; path = InfoPlist.strings; sourceTree = "<group>"; };
		34EBE41C1359565100A24C01 /* en */ = {isa = PBXFileReference; lastKnownFileType = file.xib; name = en; path = ChatView.xib; sourceTree = "<group>"; };
		34EBE4201359565100A24C01 /* en */ = {isa = PBXFileReference; lastKnownFileType = file.xib; name = en; path = UserListView.xib; sourceTree = "<group>"; };
		34EBE4241359569B00A24C01 /* AppDelegate.h */ = {isa = PBXFileReference; fileEncoding = 4; lastKnownFileType = sourcecode.c.h; name = AppDelegate.h; path = Classes/AppDelegate.h; sourceTree = "<group>"; };
		34EBE4251359569B00A24C01 /* AppDelegate.m */ = {isa = PBXFileReference; fileEncoding = 4; lastKnownFileType = sourcecode.c.objc; name = AppDelegate.m; path = Classes/AppDelegate.m; sourceTree = "<group>"; };
		34EBE4261359569B00A24C01 /* ChatViewController.h */ = {isa = PBXFileReference; fileEncoding = 4; lastKnownFileType = sourcecode.c.h; name = ChatViewController.h; path = Classes/ChatViewController.h; sourceTree = "<group>"; };
		34EBE4271359569B00A24C01 /* ChatViewController.m */ = {isa = PBXFileReference; fileEncoding = 4; lastKnownFileType = sourcecode.c.objc; name = ChatViewController.m; path = Classes/ChatViewController.m; sourceTree = "<group>"; };
		34EBE43C1359690000A24C01 /* CFNetwork.framework */ = {isa = PBXFileReference; lastKnownFileType = wrapper.framework; name = CFNetwork.framework; path = System/Library/Frameworks/CFNetwork.framework; sourceTree = SDKROOT; };
		34EC1151150AD1730015B2CD /* Users.png */ = {isa = PBXFileReference; lastKnownFileType = image.png; name = Users.png; path = "Mobile Wired/Resources/Images/Users.png"; sourceTree = SOURCE_ROOT; };
		34EC1152150AD1730015B2CD /* Users@2x.png */ = {isa = PBXFileReference; lastKnownFileType = image.png; name = "Users@2x.png"; path = "Mobile Wired/Resources/Images/Users@2x.png"; sourceTree = SOURCE_ROOT; };
		34FB815C14F71FDE001780E4 /* IIViewDeckController.h */ = {isa = PBXFileReference; fileEncoding = 4; lastKnownFileType = sourcecode.c.h; name = IIViewDeckController.h; path = ViewDeck/IIViewDeckController.h; sourceTree = "<group>"; };
		34FB815D14F71FDE001780E4 /* IIViewDeckController.m */ = {isa = PBXFileReference; fileEncoding = 4; lastKnownFileType = sourcecode.c.objc; name = IIViewDeckController.m; path = ViewDeck/IIViewDeckController.m; sourceTree = "<group>"; };
		34FC5C80135B493D0049C737 /* Connection Dump.xml */ = {isa = PBXFileReference; fileEncoding = 4; lastKnownFileType = text.xml; path = "Connection Dump.xml"; sourceTree = SOURCE_ROOT; };
		34FC5C82135B4D150049C737 /* P7 Specification.xml */ = {isa = PBXFileReference; fileEncoding = 4; lastKnownFileType = text.xml; path = "P7 Specification.xml"; sourceTree = SOURCE_ROOT; };
		34FC5C8C135BB3430049C737 /* libz.dylib */ = {isa = PBXFileReference; lastKnownFileType = "compiled.mach-o.dylib"; name = libz.dylib; path = usr/lib/libz.dylib; sourceTree = SDKROOT; };
/* End PBXFileReference section */

/* Begin PBXFrameworksBuildPhase section */
		34EBE3BB13594F7A00A24C01 /* Frameworks */ = {
			isa = PBXFrameworksBuildPhase;
			buildActionMask = 2147483647;
			files = (
				0DA8B04C17277CFE008297ED /* QuartzCore.framework in Frameworks */,
				34EBE3C513594F7B00A24C01 /* Foundation.framework in Frameworks */,
				34EBE3C713594F7B00A24C01 /* CoreGraphics.framework in Frameworks */,
				34EBE3C313594F7B00A24C01 /* UIKit.framework in Frameworks */,
				3482C1AA155C6C6E00415794 /* CFNetwork.framework in Frameworks */,
				3482C1A9155C6C5D00415794 /* Security.framework in Frameworks */,
				34FC5C8D135BB3430049C737 /* libz.dylib in Frameworks */,
				0D12846515BA501400CB6522 /* libTestFlight.a in Frameworks */,
			);
			runOnlyForDeploymentPostprocessing = 0;
		};
/* End PBXFrameworksBuildPhase section */

/* Begin PBXGroup section */
		0D12845F15BA44F000CB6522 /* Status Dots */ = {
			isa = PBXGroup;
			children = (
				0DA7A76515BA44AF0013DDFB /* GrayDot.png */,
				0DA7A76615BA44B00013DDFB /* GrayDot@2x.png */,
				0DA7A76715BA44B00013DDFB /* GreenDot.png */,
				0DA7A76815BA44B00013DDFB /* GreenDot@2x.png */,
				0DA7A76915BA44B00013DDFB /* OrangeDot.png */,
				0DA7A76A15BA44B10013DDFB /* OrangeDot@2x.png */,
				0DA7A76B15BA44B10013DDFB /* RedDot.png */,
				0DA7A76C15BA44B10013DDFB /* RedDot@2x.png */,
				0DA7A76D15BA44B10013DDFB /* YellowDot.png */,
				0DA7A76E15BA44B20013DDFB /* YellowDot@2x.png */,
			);
			name = "Status Dots";
			sourceTree = "<group>";
		};
		0D12846115BA44FA00CB6522 /* UIButtons */ = {
			isa = PBXGroup;
			children = (
				0DBD205615B4D10B00D86B6C /* UIButton_Gray.png */,
				0DBD205715B4D10B00D86B6C /* UIButton_Gray@2x.png */,
				0DBD205815B4D10B00D86B6C /* UIButton_Green.png */,
				0DBD205915B4D10B00D86B6C /* UIButton_Green@2x.png */,
				0DBD205A15B4D10B00D86B6C /* UIButton_Red.png */,
				0DBD205B15B4D10B00D86B6C /* UIButton_Red@2x.png */,
			);
			name = UIButtons;
			sourceTree = "<group>";
		};
		0D12846215BA4DF300CB6522 /* TestFlight */ = {
			isa = PBXGroup;
			children = (
				0D12846315BA501400CB6522 /* libTestFlight.a */,
				0D12846415BA501400CB6522 /* TestFlight.h */,
			);
			name = TestFlight;
			sourceTree = "<group>";
		};
		0DEF007815BB923200289AEB /* BlockActionSheet */ = {
			isa = PBXGroup;
			children = (
				0DC0FE6015BB991C009610D1 /* BlockUI.h */,
				0DEF006B15BB922700289AEB /* BlockActionSheet.h */,
				0DEF006C15BB922700289AEB /* BlockActionSheet.m */,
				0DEF006D15BB922700289AEB /* BlockAlertView.h */,
				0DEF006E15BB922700289AEB /* BlockAlertView.m */,
				0DEF006F15BB922700289AEB /* BlockBackground.h */,
				0DEF007015BB922700289AEB /* BlockBackground.m */,
				0DEF007115BB922700289AEB /* BlockTextPromptAlertView.h */,
				0DEF007215BB922700289AEB /* BlockTextPromptAlertView.m */,
			);
			name = BlockActionSheet;
			sourceTree = "<group>";
		};
		0DEF007915BB937A00289AEB /* ActionSheet */ = {
			isa = PBXGroup;
			children = (
				0DEF007A15BB937A00289AEB /* action-black-button-selected.png */,
				0DEF007B15BB937A00289AEB /* action-black-button-selected@2x.png */,
				0DEF007C15BB937A00289AEB /* action-black-button.png */,
				0DEF007D15BB937A00289AEB /* action-black-button@2x.png */,
				0DEF007E15BB937A00289AEB /* action-gray-button-selected.png */,
				0DEF007F15BB937A00289AEB /* action-gray-button-selected@2x.png */,
				0DEF008015BB937A00289AEB /* action-gray-button.png */,
				0DEF008115BB937A00289AEB /* action-gray-button@2x.png */,
				0DEF008215BB937A00289AEB /* action-red-button-selected.png */,
				0DEF008315BB937A00289AEB /* action-red-button-selected@2x.png */,
				0DEF008415BB937A00289AEB /* action-red-button.png */,
				0DEF008515BB937A00289AEB /* action-red-button@2x.png */,
				0DEF008615BB937A00289AEB /* action-sheet-panel.png */,
				0DEF008715BB937A00289AEB /* action-sheet-panel@2x.png */,
			);
			name = ActionSheet;
			path = "Mobile Wired/Classes/BlockAlerts/BlockAlertsDemo/images/ActionSheet";
			sourceTree = SOURCE_ROOT;
		};
		0DEF008815BB937A00289AEB /* AlertView */ = {
			isa = PBXGroup;
			children = (
				0D895F49174B117400351954 /* alert-black-button.png */,
				0D895F4A174B117400351954 /* alert-black-button@2x.png */,
				0D895F4B174B117400351954 /* alert-gray-button.png */,
				0D895F4C174B117400351954 /* alert-gray-button@2x.png */,
				0D895F4D174B117400351954 /* alert-red-button.png */,
				0D895F4E174B117400351954 /* alert-red-button@2x.png */,
				0D895F4F174B117400351954 /* alert-window-landscape.png */,
				0D895F50174B117400351954 /* alert-window-landscape@2x.png */,
				0D895F51174B117400351954 /* alert-window.png */,
				0D895F52174B117400351954 /* alert-window@2x.png */,
			);
			name = AlertView;
			path = "Mobile Wired/Classes/BlockAlerts/BlockAlertsDemo/images/AlertView";
			sourceTree = SOURCE_ROOT;
		};
		3439EC6114F3264300362097 /* ViewDeck */ = {
			isa = PBXGroup;
			children = (
				34FB815C14F71FDE001780E4 /* IIViewDeckController.h */,
				34FB815D14F71FDE001780E4 /* IIViewDeckController.m */,
			);
			name = ViewDeck;
			path = Classes/ViewDeck;
			sourceTree = "<group>";
		};
		3440CD061366188E0046955F /* Categories */ = {
			isa = PBXGroup;
			children = (
				3439EC5B14F31D0A00362097 /* NSString+Base64.h */,
				3439EC5C14F31D0A00362097 /* NSString+Base64.m */,
				3439EC5D14F31D0A00362097 /* NSString+Hashes.h */,
				3439EC5E14F31D0A00362097 /* NSString+Hashes.m */,
			);
			name = Categories;
			sourceTree = "<group>";
		};
		3482C1B6155C7E1B00415794 /* Bookmark */ = {
			isa = PBXGroup;
			children = (
				3482C1B7155C7E9200415794 /* BookmarkViewController.h */,
				3482C1B8155C7E9200415794 /* BookmarkViewController.m */,
				0DD4C0DF15BCDAB60030069F /* BookmarkView.xib */,
			);
			name = Bookmark;
			sourceTree = "<group>";
		};
		348F5C2114FC638800F76AAC /* MBProgressHUD */ = {
			isa = PBXGroup;
			children = (
				348F5C2314FC63A800F76AAC /* MBProgressHUD.h */,
				348F5C2414FC63A800F76AAC /* MBProgressHUD.m */,
			);
			name = MBProgressHUD;
			sourceTree = "<group>";
		};
		34AEB770150CFDCD005F2B96 /* User List */ = {
			isa = PBXGroup;
			children = (
				34838FA814F32BA80064B619 /* UserListViewController.h */,
				34838FA914F32BA80064B619 /* UserListViewController.m */,
				34EBE41F1359565100A24C01 /* UserListView.xib */,
				34AEB778150D0210005F2B96 /* UserListTableViewCell.h */,
				34AEB779150D0210005F2B96 /* UserListTableViewCell.m */,
				34AEB775150D0201005F2B96 /* UserListTableViewCell.xib */,
				0DD4C0D415BCD8960030069F /* UserInfoViewController.h */,
				0DD4C0D515BCD8960030069F /* UserInfoViewController.m */,
				0DD4C0D915BCDA9E0030069F /* UserInfoView.xib */,
			);
			name = "User List";
			sourceTree = "<group>";
		};
		34AEB772150CFDE1005F2B96 /* Server List */ = {
			isa = PBXGroup;
			children = (
				34838FAD14F32C640064B619 /* ServerListViewController.h */,
				34838FAE14F32C640064B619 /* ServerListViewController.m */,
				34838FC114F3456D0064B619 /* ServerListView.xib */,
				34AEB77B150D02D6005F2B96 /* ServerListTableViewCell.h */,
				34AEB77C150D02D6005F2B96 /* ServerListTableViewCell.m */,
				34AEB77E150D03E0005F2B96 /* ServerListTableViewCell.xib */,
			);
			name = "Server List";
			sourceTree = "<group>";
		};
		34CBE9A21505AF49000FBF2C /* Audio */ = {
			isa = PBXGroup;
			children = (
				34CBE9A31505AF49000FBF2C /* Default.mp3 */,
			);
			name = Audio;
			path = "Mobile Wired/Resources/Audio";
			sourceTree = SOURCE_ROOT;
		};
		34DB44EE155705F200C955A5 /* Settings */ = {
			isa = PBXGroup;
			children = (
				34D464D315561BB600856E46 /* SettingsViewController.h */,
				34D464D415561BB600856E46 /* SettingsViewController.m */,
				0DD4C0DC15BCDAAB0030069F /* SettingsView.xib */,
			);
			name = Settings;
			sourceTree = "<group>";
		};
		34EBE3B313594F7A00A24C01 = {
			isa = PBXGroup;
			children = (
				3431FF5F136C93ED00EDB8D8 /* Roadmap.md */,
				34EBE3CA13594F7B00A24C01 /* Wired Classes */,
				3440CD061366188E0046955F /* Categories */,
				34EBE4331359677600A24C01 /* External Classes */,
				34EBE3CB13594F7B00A24C01 /* Supporting Files */,
				34EBE3C113594F7B00A24C01 /* Frameworks */,
				34EBE3BF13594F7B00A24C01 /* Products */,
			);
			sourceTree = "<group>";
		};
		34EBE3BF13594F7B00A24C01 /* Products */ = {
			isa = PBXGroup;
			children = (
				34EBE3BE13594F7B00A24C01 /* Mobile Wired.app */,
			);
			name = Products;
			sourceTree = "<group>";
		};
		34EBE3C113594F7B00A24C01 /* Frameworks */ = {
			isa = PBXGroup;
			children = (
				0D12846215BA4DF300CB6522 /* TestFlight */,
				34EBE43C1359690000A24C01 /* CFNetwork.framework */,
				34EBE3C613594F7B00A24C01 /* CoreGraphics.framework */,
				34EBE3C413594F7B00A24C01 /* Foundation.framework */,
				34FC5C8C135BB3430049C737 /* libz.dylib */,
				0DA8B04B17277CFE008297ED /* QuartzCore.framework */,
				3482C1A8155C6C5D00415794 /* Security.framework */,
				34EBE3C213594F7B00A24C01 /* UIKit.framework */,
			);
			name = Frameworks;
			sourceTree = "<group>";
		};
		34EBE3CA13594F7B00A24C01 /* Wired Classes */ = {
			isa = PBXGroup;
			children = (
				34EBE43E135969A100A24C01 /* View Controllers */,
				3477029D135A026100F91A8B /* WiredConnection.h */,
				3477029E135A026200F91A8B /* WiredConnection.m */,
				34EBE4241359569B00A24C01 /* AppDelegate.h */,
				34EBE4251359569B00A24C01 /* AppDelegate.m */,
				0D12846615BA54C700CB6522 /* TestFlightTokens.h */,
			);
			name = "Wired Classes";
			path = "Mobile Wired";
			sourceTree = "<group>";
		};
		34EBE3CB13594F7B00A24C01 /* Supporting Files */ = {
			isa = PBXGroup;
			children = (
				34CBE9A21505AF49000FBF2C /* Audio */,
				34EBE40F1359528700A24C01 /* Images */,
				34EBE3FB135951A700A24C01 /* Interface Builder */,
				34FC5C84135B4D790049C737 /* Wired Specs */,
				34EBE3F61359515F00A24C01 /* MobileWired-Info.plist */,
				34EBE3F71359515F00A24C01 /* MobileWired-Prefix.pch */,
				34EBE3D113594F7B00A24C01 /* main.m */,
			);
			name = "Supporting Files";
			path = "Mobile Wired";
			sourceTree = "<group>";
		};
		34EBE3FB135951A700A24C01 /* Interface Builder */ = {
			isa = PBXGroup;
			children = (
				0DD4C0E215BCDAC80030069F /* DefaultView.xib */,
				34EBE3FC135951A700A24C01 /* InfoPlist.strings */,
			);
			name = "Interface Builder";
			path = Resources/en.lproj;
			sourceTree = "<group>";
		};
		34EBE40F1359528700A24C01 /* Images */ = {
			isa = PBXGroup;
			children = (
				0DEF007915BB937A00289AEB /* ActionSheet */,
				0DEF008815BB937A00289AEB /* AlertView */,
				0D12845F15BA44F000CB6522 /* Status Dots */,
				0D12846115BA44FA00CB6522 /* UIButtons */,
				0DC0FE7515BBAD5C009610D1 /* Cog.png */,
				0DC0FE7715BBADF0009610D1 /* Cog@2x.png */,
				347B37F915098D6500D88034 /* Checkmark.png */,
				347B37FA15098D6500D88034 /* Checkmark@2x.png */,
				3440CD04136613EF0046955F /* DefaultUserIcon.png */,
				34A5A0EE136B74270022272F /* Default.png */,
				34A5A0EF136B74270022272F /* Default@2x.png */,
				0D79DAD31805F883002F3249 /* Default-568h@2x.png */,
				347B37FB15098D6500D88034 /* Error.png */,
				347B37FC15098D6500D88034 /* Error@2x.png */,
				3440CD02136611EE0046955F /* MobileWired.png */,
				3440CCFE136611B00046955F /* MobileWired@2x.png */,
				34EC1151150AD1730015B2CD /* Users.png */,
				34EC1152150AD1730015B2CD /* Users@2x.png */,
			);
			name = Images;
			path = Resources/images;
			sourceTree = "<group>";
		};
		34EBE42D1359676E00A24C01 /* GCDAsyncSocket */ = {
			isa = PBXGroup;
			children = (
				345FC70914F468DC004D2A7B /* GCDAsyncSocket.h */,
				345FC70A14F468DC004D2A7B /* GCDAsyncSocket.m */,
			);
			name = GCDAsyncSocket;
			path = Classes/GCDAsyncSocket;
			sourceTree = "<group>";
		};
		34EBE4331359677600A24C01 /* External Classes */ = {
			isa = PBXGroup;
			children = (
				0DEF007815BB923200289AEB /* BlockActionSheet */,
				34EBE42D1359676E00A24C01 /* GCDAsyncSocket */,
				34FC5C85135BB2A30049C737 /* TBXML */,
				348F5C2114FC638800F76AAC /* MBProgressHUD */,
				3439EC6114F3264300362097 /* ViewDeck */,
			);
			name = "External Classes";
			path = "Mobile Wired";
			sourceTree = "<group>";
		};
		34EBE43E135969A100A24C01 /* View Controllers */ = {
			isa = PBXGroup;
			children = (
				34EBE4261359569B00A24C01 /* ChatViewController.h */,
				34EBE4271359569B00A24C01 /* ChatViewController.m */,
				34EBE41B1359565100A24C01 /* ChatView.xib */,
				3482C1B6155C7E1B00415794 /* Bookmark */,
				34AEB772150CFDE1005F2B96 /* Server List */,
				34DB44EE155705F200C955A5 /* Settings */,
				34AEB770150CFDCD005F2B96 /* User List */,
			);
			name = "View Controllers";
			sourceTree = "<group>";
		};
		34FC5C84135B4D790049C737 /* Wired Specs */ = {
			isa = PBXGroup;
			children = (
				3451A4FA155F603F005C5662 /* WiredSpec_2.0b51.xml */,
				0D6B66251606475E002F5710 /* WiredSpec_2.0b53.xml */,
				3451A4FB155F603F005C5662 /* WiredSpec_2.0b55.xml */,
				34FC5C82135B4D150049C737 /* P7 Specification.xml */,
				34FC5C80135B493D0049C737 /* Connection Dump.xml */,
			);
			name = "Wired Specs";
			sourceTree = "<group>";
		};
		34FC5C85135BB2A30049C737 /* TBXML */ = {
			isa = PBXGroup;
			children = (
				345FC70814F467E1004D2A7B /* TBXML.h */,
				345FC70614F467C0004D2A7B /* TBXML.m */,
			);
			name = TBXML;
			path = Classes/TBXML;
			sourceTree = "<group>";
		};
/* End PBXGroup section */

/* Begin PBXNativeTarget section */
		34EBE3BD13594F7A00A24C01 /* Mobile Wired */ = {
			isa = PBXNativeTarget;
			buildConfigurationList = 34EBE3E413594F7B00A24C01 /* Build configuration list for PBXNativeTarget "Mobile Wired" */;
			buildPhases = (
				34EBE3BA13594F7A00A24C01 /* Sources */,
				34EBE3BB13594F7A00A24C01 /* Frameworks */,
				34EBE3BC13594F7A00A24C01 /* Resources */,
				34202D7E1364F357002F1B3B /* ShellScript */,
			);
			buildRules = (
			);
			dependencies = (
			);
			name = "Mobile Wired";
			productName = "Mobile Wired";
			productReference = 34EBE3BE13594F7B00A24C01 /* Mobile Wired.app */;
			productType = "com.apple.product-type.application";
		};
/* End PBXNativeTarget section */

/* Begin PBXProject section */
		34EBE3B513594F7A00A24C01 /* Project object */ = {
			isa = PBXProject;
			attributes = {
				LastUpgradeCheck = 0500;
			};
			buildConfigurationList = 34EBE3B813594F7A00A24C01 /* Build configuration list for PBXProject "Mobile Wired" */;
			compatibilityVersion = "Xcode 3.2";
			developmentRegion = English;
			hasScannedForEncodings = 0;
			knownRegions = (
				en,
			);
			mainGroup = 34EBE3B313594F7A00A24C01;
			productRefGroup = 34EBE3BF13594F7B00A24C01 /* Products */;
			projectDirPath = "";
			projectRoot = "";
			targets = (
				34EBE3BD13594F7A00A24C01 /* Mobile Wired */,
			);
		};
/* End PBXProject section */

/* Begin PBXResourcesBuildPhase section */
		34EBE3BC13594F7A00A24C01 /* Resources */ = {
			isa = PBXResourcesBuildPhase;
			buildActionMask = 2147483647;
			files = (
				34EBE402135951A700A24C01 /* InfoPlist.strings in Resources */,
				34EBE403135951A700A24C01 /* MainWindow.xib in Resources */,
				34EBE4211359565100A24C01 /* ChatView.xib in Resources */,
				34EBE4231359565100A24C01 /* UserListView.xib in Resources */,
				3440CCFF136611B00046955F /* MobileWired@2x.png in Resources */,
				3440CD03136611EE0046955F /* MobileWired.png in Resources */,
				3440CD05136613EF0046955F /* DefaultUserIcon.png in Resources */,
				34A5A0F0136B74270022272F /* Default.png in Resources */,
				34A5A0F1136B74270022272F /* Default@2x.png in Resources */,
				34838FC314F3456D0064B619 /* ServerListView.xib in Resources */,
				34CBE9A41505AF49000FBF2C /* Default.mp3 in Resources */,
				347B37FD15098D6500D88034 /* Checkmark.png in Resources */,
				347B37FE15098D6500D88034 /* Checkmark@2x.png in Resources */,
				347B37FF15098D6500D88034 /* Error.png in Resources */,
				347B380015098D6500D88034 /* Error@2x.png in Resources */,
				34EC1153150AD1730015B2CD /* Users.png in Resources */,
				34EC1154150AD1730015B2CD /* Users@2x.png in Resources */,
				34AEB777150D0201005F2B96 /* UserListTableViewCell.xib in Resources */,
				34AEB780150D03E0005F2B96 /* ServerListTableViewCell.xib in Resources */,
				3451A4FC155F603F005C5662 /* WiredSpec_2.0b51.xml in Resources */,
				3451A4FD155F603F005C5662 /* WiredSpec_2.0b55.xml in Resources */,
				0DBD205C15B4D10B00D86B6C /* UIButton_Gray.png in Resources */,
				0DBD205D15B4D10B00D86B6C /* UIButton_Gray@2x.png in Resources */,
				0DBD205E15B4D10B00D86B6C /* UIButton_Green.png in Resources */,
				0DBD205F15B4D10B00D86B6C /* UIButton_Green@2x.png in Resources */,
				0DBD206015B4D10B00D86B6C /* UIButton_Red.png in Resources */,
				0DBD206115B4D10B00D86B6C /* UIButton_Red@2x.png in Resources */,
				0DA7A76F15BA44B20013DDFB /* GrayDot.png in Resources */,
				0DA7A77015BA44B20013DDFB /* GrayDot@2x.png in Resources */,
				0DA7A77115BA44B20013DDFB /* GreenDot.png in Resources */,
				0DA7A77215BA44B20013DDFB /* GreenDot@2x.png in Resources */,
				0DA7A77315BA44B20013DDFB /* OrangeDot.png in Resources */,
				0D79DAD41805F883002F3249 /* Default-568h@2x.png in Resources */,
				0DA7A77415BA44B20013DDFB /* OrangeDot@2x.png in Resources */,
				0DA7A77515BA44B20013DDFB /* RedDot.png in Resources */,
				0DA7A77615BA44B20013DDFB /* RedDot@2x.png in Resources */,
				0DA7A77715BA44B20013DDFB /* YellowDot.png in Resources */,
				0DA7A77815BA44B20013DDFB /* YellowDot@2x.png in Resources */,
				0DEF009115BB937A00289AEB /* action-black-button-selected.png in Resources */,
				0DEF009215BB937A00289AEB /* action-black-button-selected@2x.png in Resources */,
				0DEF009315BB937A00289AEB /* action-black-button.png in Resources */,
				0DEF009415BB937A00289AEB /* action-black-button@2x.png in Resources */,
				0DEF009515BB937A00289AEB /* action-gray-button-selected.png in Resources */,
				0DEF009615BB937A00289AEB /* action-gray-button-selected@2x.png in Resources */,
				0DEF009715BB937A00289AEB /* action-gray-button.png in Resources */,
				0DEF009815BB937A00289AEB /* action-gray-button@2x.png in Resources */,
				0DEF009915BB937A00289AEB /* action-red-button-selected.png in Resources */,
				0DEF009A15BB937A00289AEB /* action-red-button-selected@2x.png in Resources */,
				0DEF009B15BB937A00289AEB /* action-red-button.png in Resources */,
				0DEF009C15BB937A00289AEB /* action-red-button@2x.png in Resources */,
				0DEF009D15BB937A00289AEB /* action-sheet-panel.png in Resources */,
				0DEF009E15BB937A00289AEB /* action-sheet-panel@2x.png in Resources */,
				0DC0FE7615BBAD5C009610D1 /* Cog.png in Resources */,
				0DC0FE7815BBADF0009610D1 /* Cog@2x.png in Resources */,
				0DD4C0DB15BCDA9E0030069F /* UserInfoView.xib in Resources */,
				0DD4C0DE15BCDAAB0030069F /* SettingsView.xib in Resources */,
				0DD4C0E115BCDAB60030069F /* BookmarkView.xib in Resources */,
				0DD4C0E415BCDAC80030069F /* DefaultView.xib in Resources */,
				0D6B66261606475E002F5710 /* WiredSpec_2.0b53.xml in Resources */,
				0D895F53174B117400351954 /* alert-black-button.png in Resources */,
				0D895F54174B117400351954 /* alert-black-button@2x.png in Resources */,
				0D895F55174B117400351954 /* alert-gray-button.png in Resources */,
				0D895F56174B117400351954 /* alert-gray-button@2x.png in Resources */,
				0D895F57174B117400351954 /* alert-red-button.png in Resources */,
				0D895F58174B117400351954 /* alert-red-button@2x.png in Resources */,
				0D895F59174B117400351954 /* alert-window-landscape.png in Resources */,
				0D895F5A174B117400351954 /* alert-window-landscape@2x.png in Resources */,
				0D895F5B174B117400351954 /* alert-window.png in Resources */,
				0D895F5C174B117400351954 /* alert-window@2x.png in Resources */,
			);
			runOnlyForDeploymentPostprocessing = 0;
		};
/* End PBXResourcesBuildPhase section */

/* Begin PBXShellScriptBuildPhase section */
		34202D7E1364F357002F1B3B /* ShellScript */ = {
			isa = PBXShellScriptBuildPhase;
			buildActionMask = 2147483647;
			files = (
			);
			inputPaths = (
			);
			outputPaths = (
			);
			runOnlyForDeploymentPostprocessing = 0;
			shellPath = /bin/sh;
			shellScript = "# Set the Info.plist end path.\nBUILD_PATH=${CODESIGNING_FOLDER_PATH}/Info.plist\n\n# Parse the version number from GIT.\nVERSION=$(eval echo `git log --pretty=format:'' | wc -l | egrep '[0-9]{1,}' -o`)\n˝\n# Save the resulting file.\n/usr/libexec/PlistBuddy -c \"Set :CFBundleVersion $VERSION\" \"$BUILD_PATH\"";
			showEnvVarsInLog = 0;
		};
/* End PBXShellScriptBuildPhase section */

/* Begin PBXSourcesBuildPhase section */
		34EBE3BA13594F7A00A24C01 /* Sources */ = {
			isa = PBXSourcesBuildPhase;
			buildActionMask = 2147483647;
			files = (
				34EBE3D213594F7B00A24C01 /* main.m in Sources */,
				34EBE42A1359569B00A24C01 /* AppDelegate.m in Sources */,
				34EBE42B1359569B00A24C01 /* ChatViewController.m in Sources */,
				3477029F135A026200F91A8B /* WiredConnection.m in Sources */,
				3439EC5F14F31D0A00362097 /* NSString+Base64.m in Sources */,
				3439EC6014F31D0A00362097 /* NSString+Hashes.m in Sources */,
				34838FAA14F32BA80064B619 /* UserListViewController.m in Sources */,
				34838FB014F32C640064B619 /* ServerListViewController.m in Sources */,
				345FC70714F467C0004D2A7B /* TBXML.m in Sources */,
				345FC70B14F468DC004D2A7B /* GCDAsyncSocket.m in Sources */,
				34FB815E14F71FDE001780E4 /* IIViewDeckController.m in Sources */,
				348F5C2514FC63A800F76AAC /* MBProgressHUD.m in Sources */,
				34AEB77A150D0210005F2B96 /* UserListTableViewCell.m in Sources */,
				34AEB77D150D02D6005F2B96 /* ServerListTableViewCell.m in Sources */,
				34D464D615561BB600856E46 /* SettingsViewController.m in Sources */,
				3482C1BA155C7E9200415794 /* BookmarkViewController.m in Sources */,
				0DEF007315BB922700289AEB /* BlockActionSheet.m in Sources */,
				0DEF007415BB922700289AEB /* BlockAlertView.m in Sources */,
				0DEF007515BB922700289AEB /* BlockBackground.m in Sources */,
				0DEF007615BB922700289AEB /* BlockTextPromptAlertView.m in Sources */,
				0DD4C0D715BCD8960030069F /* UserInfoViewController.m in Sources */,
			);
			runOnlyForDeploymentPostprocessing = 0;
		};
/* End PBXSourcesBuildPhase section */

/* Begin PBXVariantGroup section */
		0DD4C0D915BCDA9E0030069F /* UserInfoView.xib */ = {
			isa = PBXVariantGroup;
			children = (
				0DD4C0DA15BCDA9E0030069F /* en */,
			);
			name = UserInfoView.xib;
			sourceTree = "<group>";
		};
		0DD4C0DC15BCDAAB0030069F /* SettingsView.xib */ = {
			isa = PBXVariantGroup;
			children = (
				0DD4C0DD15BCDAAB0030069F /* en */,
			);
			name = SettingsView.xib;
			sourceTree = "<group>";
		};
		0DD4C0DF15BCDAB60030069F /* BookmarkView.xib */ = {
			isa = PBXVariantGroup;
			children = (
				0DD4C0E015BCDAB60030069F /* en */,
			);
			name = BookmarkView.xib;
			sourceTree = "<group>";
		};
		0DD4C0E215BCDAC80030069F /* DefaultView.xib */ = {
			isa = PBXVariantGroup;
			children = (
				0DD4C0E315BCDAC80030069F /* en */,
			);
			name = DefaultView.xib;
			sourceTree = "<group>";
		};
		34838FC114F3456D0064B619 /* ServerListView.xib */ = {
			isa = PBXVariantGroup;
			children = (
				34838FC214F3456D0064B619 /* en */,
			);
			name = ServerListView.xib;
			path = Resources/en.lproj;
			sourceTree = "<group>";
		};
		34AEB775150D0201005F2B96 /* UserListTableViewCell.xib */ = {
			isa = PBXVariantGroup;
			children = (
				34AEB776150D0201005F2B96 /* en */,
			);
			name = UserListTableViewCell.xib;
			path = Resources/en.lproj;
			sourceTree = "<group>";
		};
		34AEB77E150D03E0005F2B96 /* ServerListTableViewCell.xib */ = {
			isa = PBXVariantGroup;
			children = (
				34AEB77F150D03E0005F2B96 /* en */,
			);
			name = ServerListTableViewCell.xib;
			path = Resources/en.lproj;
			sourceTree = "<group>";
		};
		34EBE3FC135951A700A24C01 /* InfoPlist.strings */ = {
			isa = PBXVariantGroup;
			children = (
				34EBE3FD135951A700A24C01 /* en */,
			);
			name = InfoPlist.strings;
			sourceTree = "<group>";
		};
		34EBE3FE135951A700A24C01 /* MainWindow.xib */ = {
			isa = PBXVariantGroup;
			children = (
			);
			name = MainWindow.xib;
			path = /Resources/en.lproj;
			sourceTree = "<group>";
		};
		34EBE41B1359565100A24C01 /* ChatView.xib */ = {
			isa = PBXVariantGroup;
			children = (
				34EBE41C1359565100A24C01 /* en */,
			);
			name = ChatView.xib;
			path = Resources/en.lproj;
			sourceTree = "<group>";
		};
		34EBE41F1359565100A24C01 /* UserListView.xib */ = {
			isa = PBXVariantGroup;
			children = (
				34EBE4201359565100A24C01 /* en */,
			);
			name = UserListView.xib;
			path = Resources/en.lproj;
			sourceTree = "<group>";
		};
/* End PBXVariantGroup section */

/* Begin XCBuildConfiguration section */
		34EBE3E213594F7B00A24C01 /* Debug */ = {
			isa = XCBuildConfiguration;
			buildSettings = {
				CLANG_ANALYZER_SECURITY_FLOATLOOPCOUNTER = YES;
				CLANG_ANALYZER_SECURITY_INSECUREAPI_RAND = YES;
				CLANG_ANALYZER_SECURITY_INSECUREAPI_STRCPY = YES;
				CLANG_ENABLE_OBJC_ARC = YES;
				CLANG_WARN_CONSTANT_CONVERSION = YES;
				CLANG_WARN_DEPRECATED_OBJC_IMPLEMENTATIONS = YES;
				CLANG_WARN_EMPTY_BODY = YES;
				CLANG_WARN_ENUM_CONVERSION = YES;
				CLANG_WARN_INT_CONVERSION = YES;
				CLANG_WARN_OBJC_EXPLICIT_OWNERSHIP_TYPE = YES;
				CLANG_WARN_OBJC_IMPLICIT_ATOMIC_PROPERTIES = NO;
				CLANG_WARN_OBJC_IMPLICIT_RETAIN_SELF = YES;
				CLANG_WARN_OBJC_MISSING_PROPERTY_SYNTHESIS = YES;
				CLANG_WARN_OBJC_RECEIVER_WEAK = YES;
				CLANG_WARN_OBJC_REPEATED_USE_OF_WEAK = YES;
				CLANG_WARN__DUPLICATE_METHOD_MATCH = YES;
				CODE_SIGN_IDENTITY = "iPhone Developer";
				GCC_C_LANGUAGE_STANDARD = gnu99;
				GCC_OPTIMIZATION_LEVEL = 0;
				GCC_PREPROCESSOR_DEFINITIONS = DEBUG;
				GCC_SYMBOLS_PRIVATE_EXTERN = NO;
				GCC_VERSION = "";
				GCC_WARN_ABOUT_RETURN_TYPE = YES;
				GCC_WARN_MULTIPLE_DEFINITION_TYPES_FOR_SELECTOR = YES;
				GCC_WARN_STRICT_SELECTOR_MATCH = YES;
				GCC_WARN_UNDECLARED_SELECTOR = YES;
				GCC_WARN_UNINITIALIZED_AUTOS = YES;
				GCC_WARN_UNUSED_VARIABLE = YES;
				IPHONEOS_DEPLOYMENT_TARGET = 7.0;
				ONLY_ACTIVE_ARCH = YES;
				OTHER_LDFLAGS = "";
				RUN_CLANG_STATIC_ANALYZER = YES;
				SDKROOT = iphoneos;
			};
			name = Debug;
		};
		34EBE3E313594F7B00A24C01 /* Release */ = {
			isa = XCBuildConfiguration;
			buildSettings = {
				CLANG_ANALYZER_SECURITY_FLOATLOOPCOUNTER = YES;
				CLANG_ANALYZER_SECURITY_INSECUREAPI_RAND = YES;
				CLANG_ANALYZER_SECURITY_INSECUREAPI_STRCPY = YES;
				CLANG_ENABLE_OBJC_ARC = YES;
				CLANG_WARN_CONSTANT_CONVERSION = YES;
				CLANG_WARN_DEPRECATED_OBJC_IMPLEMENTATIONS = YES;
				CLANG_WARN_EMPTY_BODY = YES;
				CLANG_WARN_ENUM_CONVERSION = YES;
				CLANG_WARN_INT_CONVERSION = YES;
				CLANG_WARN_OBJC_EXPLICIT_OWNERSHIP_TYPE = YES;
				CLANG_WARN_OBJC_IMPLICIT_ATOMIC_PROPERTIES = NO;
				CLANG_WARN_OBJC_IMPLICIT_RETAIN_SELF = YES;
				CLANG_WARN_OBJC_MISSING_PROPERTY_SYNTHESIS = YES;
				CLANG_WARN_OBJC_RECEIVER_WEAK = YES;
				CLANG_WARN_OBJC_REPEATED_USE_OF_WEAK = YES;
				CLANG_WARN__DUPLICATE_METHOD_MATCH = YES;
				CODE_SIGN_IDENTITY = "iPhone Distribution";
				GCC_C_LANGUAGE_STANDARD = gnu99;
				GCC_VERSION = "";
				GCC_WARN_ABOUT_RETURN_TYPE = YES;
				GCC_WARN_MULTIPLE_DEFINITION_TYPES_FOR_SELECTOR = YES;
				GCC_WARN_STRICT_SELECTOR_MATCH = YES;
				GCC_WARN_UNDECLARED_SELECTOR = YES;
				GCC_WARN_UNINITIALIZED_AUTOS = YES;
				GCC_WARN_UNUSED_VARIABLE = YES;
				IPHONEOS_DEPLOYMENT_TARGET = 7.0;
				OTHER_CFLAGS = "-DNS_BLOCK_ASSERTIONS=1";
				OTHER_LDFLAGS = "";
				RUN_CLANG_STATIC_ANALYZER = YES;
				SDKROOT = iphoneos;
			};
			name = Release;
		};
		34EBE3E513594F7B00A24C01 /* Debug */ = {
			isa = XCBuildConfiguration;
			buildSettings = {
				ALWAYS_SEARCH_USER_PATHS = NO;
				CLANG_ENABLE_OBJC_ARC = YES;
				CLANG_WARN_DEPRECATED_OBJC_IMPLEMENTATIONS = YES;
				CLANG_WARN_EMPTY_BODY = YES;
				CLANG_WARN_OBJC_IMPLICIT_ATOMIC_PROPERTIES = NO;
				CLANG_WARN_OBJC_MISSING_PROPERTY_SYNTHESIS = NO;
				COMPRESS_PNG_FILES = NO;
				COPY_PHASE_STRIP = NO;
				FRAMEWORK_SEARCH_PATHS = (
					"$(inherited)",
					"\"$(SRCROOT)/Mobile Wired/Classes\"",
				);
				GCC_DYNAMIC_NO_PIC = NO;
				GCC_PRECOMPILE_PREFIX_HEADER = YES;
				GCC_PREFIX_HEADER = "Mobile Wired/MobileWired-Prefix.pch";
				GCC_VERSION = "";
				GCC_WARN_MULTIPLE_DEFINITION_TYPES_FOR_SELECTOR = YES;
				GCC_WARN_STRICT_SELECTOR_MATCH = YES;
				GCC_WARN_UNDECLARED_SELECTOR = YES;
				HEADER_SEARCH_PATHS = "";
				INFOPLIST_FILE = "Mobile Wired/MobileWired-Info.plist";
				IPHONEOS_DEPLOYMENT_TARGET = 7.0;
				LIBRARY_SEARCH_PATHS = (
					"$(inherited)",
					"\"$(SRCROOT)/Mobile Wired/Classes/TestFlight\"",
				);
				OTHER_LDFLAGS = "-ObjC";
				PRODUCT_NAME = "$(TARGET_NAME)";
				WRAPPER_EXTENSION = app;
			};
			name = Debug;
		};
		34EBE3E613594F7B00A24C01 /* Release */ = {
			isa = XCBuildConfiguration;
			buildSettings = {
				ALWAYS_SEARCH_USER_PATHS = NO;
				CLANG_ENABLE_OBJC_ARC = YES;
				CLANG_WARN_DEPRECATED_OBJC_IMPLEMENTATIONS = YES;
				CLANG_WARN_EMPTY_BODY = YES;
				CLANG_WARN_OBJC_IMPLICIT_ATOMIC_PROPERTIES = NO;
				CLANG_WARN_OBJC_MISSING_PROPERTY_SYNTHESIS = NO;
				COMPRESS_PNG_FILES = NO;
				COPY_PHASE_STRIP = NO;
				FRAMEWORK_SEARCH_PATHS = (
					"$(inherited)",
					"\"$(SRCROOT)/Mobile Wired/Classes\"",
				);
				GCC_PRECOMPILE_PREFIX_HEADER = YES;
				GCC_PREFIX_HEADER = "Mobile Wired/MobileWired-Prefix.pch";
				GCC_VERSION = "";
				GCC_WARN_MULTIPLE_DEFINITION_TYPES_FOR_SELECTOR = YES;
				GCC_WARN_STRICT_SELECTOR_MATCH = YES;
				GCC_WARN_UNDECLARED_SELECTOR = YES;
				HEADER_SEARCH_PATHS = "";
				INFOPLIST_FILE = "Mobile Wired/MobileWired-Info.plist";
				IPHONEOS_DEPLOYMENT_TARGET = 7.0;
				LIBRARY_SEARCH_PATHS = (
					"$(inherited)",
					"\"$(SRCROOT)/Mobile Wired/Classes/TestFlight\"",
				);
				OTHER_LDFLAGS = "";
				PRODUCT_NAME = "$(TARGET_NAME)";
				VALIDATE_PRODUCT = YES;
				WRAPPER_EXTENSION = app;
			};
			name = Release;
		};
/* End XCBuildConfiguration section */

/* Begin XCConfigurationList section */
		34EBE3B813594F7A00A24C01 /* Build configuration list for PBXProject "Mobile Wired" */ = {
			isa = XCConfigurationList;
			buildConfigurations = (
				34EBE3E213594F7B00A24C01 /* Debug */,
				34EBE3E313594F7B00A24C01 /* Release */,
			);
			defaultConfigurationIsVisible = 0;
			defaultConfigurationName = Release;
		};
		34EBE3E413594F7B00A24C01 /* Build configuration list for PBXNativeTarget "Mobile Wired" */ = {
			isa = XCConfigurationList;
			buildConfigurations = (
				34EBE3E513594F7B00A24C01 /* Debug */,
				34EBE3E613594F7B00A24C01 /* Release */,
			);
			defaultConfigurationIsVisible = 0;
			defaultConfigurationName = Release;
		};
/* End XCConfigurationList section */
	};
	rootObject = 34EBE3B513594F7A00A24C01 /* Project object */;
}
